// !$*UTF8*$!
{
	archiveVersion = 1;
	classes = {
	};
	objectVersion = 47;
	objects = {

/* Begin PBXBuildFile section */
		5C0F47271C0A0B310053B22F /* Word.m in Sources */ = {isa = PBXBuildFile; fileRef = 5C0F47241C0A0B310053B22F /* Word.m */; };
		5C0F47281C0A0B310053B22F /* Word+CoreDataProperties.m in Sources */ = {isa = PBXBuildFile; fileRef = 5C0F47261C0A0B310053B22F /* Word+CoreDataProperties.m */; };
		5C2AA34A1C10E00700D87F59 /* WordsListTableViewCell.m in Sources */ = {isa = PBXBuildFile; fileRef = 5C2AA3481C10E00700D87F59 /* WordsListTableViewCell.m */; };
		5C2AA34B1C10E00700D87F59 /* WordsListTableViewCell.xib in Resources */ = {isa = PBXBuildFile; fileRef = 5C2AA3491C10E00700D87F59 /* WordsListTableViewCell.xib */; };
		5C5957DB1C53E945003A1C86 /* ManageWordViewController.m in Sources */ = {isa = PBXBuildFile; fileRef = 5C5957DA1C53E945003A1C86 /* ManageWordViewController.m */; };
		5CAF68E61C00ACAF00795AD0 /* main.m in Sources */ = {isa = PBXBuildFile; fileRef = 5CAF68E51C00ACAF00795AD0 /* main.m */; };
		5CAF68E91C00ACAF00795AD0 /* AppDelegate.m in Sources */ = {isa = PBXBuildFile; fileRef = 5CAF68E81C00ACAF00795AD0 /* AppDelegate.m */; };
		5CAF68EC1C00ACAF00795AD0 /* WordsListViewController.m in Sources */ = {isa = PBXBuildFile; fileRef = 5CAF68EB1C00ACAF00795AD0 /* WordsListViewController.m */; };
		5CAF68EF1C00ACAF00795AD0 /* Main.storyboard in Resources */ = {isa = PBXBuildFile; fileRef = 5CAF68ED1C00ACAF00795AD0 /* Main.storyboard */; };
		5CAF68F21C00ACAF00795AD0 /* EnglishLearning.xcdatamodeld in Sources */ = {isa = PBXBuildFile; fileRef = 5CAF68F01C00ACAF00795AD0 /* EnglishLearning.xcdatamodeld */; };
		5CAF68F41C00ACAF00795AD0 /* Assets.xcassets in Resources */ = {isa = PBXBuildFile; fileRef = 5CAF68F31C00ACAF00795AD0 /* Assets.xcassets */; };
		5CAF68F71C00ACAF00795AD0 /* LaunchScreen.storyboard in Resources */ = {isa = PBXBuildFile; fileRef = 5CAF68F51C00ACAF00795AD0 /* LaunchScreen.storyboard */; };
		5CAF69021C00ACB000795AD0 /* EnglishLearningTests.m in Sources */ = {isa = PBXBuildFile; fileRef = 5CAF69011C00ACB000795AD0 /* EnglishLearningTests.m */; };
		5CAF690D1C00ACB000795AD0 /* EnglishLearningUITests.m in Sources */ = {isa = PBXBuildFile; fileRef = 5CAF690C1C00ACB000795AD0 /* EnglishLearningUITests.m */; };
		5CAF691F1C00BEDE00795AD0 /* Model.m in Sources */ = {isa = PBXBuildFile; fileRef = 5CAF691E1C00BEDE00795AD0 /* Model.m */; };
		5CAF69211C00C86000795AD0 /* EnglishWords.csv in Resources */ = {isa = PBXBuildFile; fileRef = 5C19E3E81C00C3BB0088DE11 /* EnglishWords.csv */; };
		5CAF692F1C021EDC00795AD0 /* WordsQuizTopTableViewCell.m in Sources */ = {isa = PBXBuildFile; fileRef = 5CAF692D1C021EDC00795AD0 /* WordsQuizTopTableViewCell.m */; };
		5CAF69301C021EDC00795AD0 /* WordsQuizTopTableViewCell.xib in Resources */ = {isa = PBXBuildFile; fileRef = 5CAF692E1C021EDC00795AD0 /* WordsQuizTopTableViewCell.xib */; };
		5CAF69351C021F4F00795AD0 /* AnswersTableViewCell.m in Sources */ = {isa = PBXBuildFile; fileRef = 5CAF69341C021F4F00795AD0 /* AnswersTableViewCell.m */; };
		5CAF69381C021F8000795AD0 /* AnswersTableViewCell.xib in Resources */ = {isa = PBXBuildFile; fileRef = 5CAF69371C021F8000795AD0 /* AnswersTableViewCell.xib */; };
		5CAF693B1C022A5800795AD0 /* QuizViewController.m in Sources */ = {isa = PBXBuildFile; fileRef = 5CAF693A1C022A5800795AD0 /* QuizViewController.m */; };
		5CC783B11C025188005AD1E3 /* AnswerButtonCell.m in Sources */ = {isa = PBXBuildFile; fileRef = 5CC783AF1C025188005AD1E3 /* AnswerButtonCell.m */; };
		5CC783B21C025188005AD1E3 /* AnswerButtonCell.xib in Resources */ = {isa = PBXBuildFile; fileRef = 5CC783B01C025188005AD1E3 /* AnswerButtonCell.xib */; };
		5CDC36221C0A0D1C00BD21EE /* User+CoreDataProperties.m in Sources */ = {isa = PBXBuildFile; fileRef = 5CDC361F1C0A0D1C00BD21EE /* User+CoreDataProperties.m */; };
		5CDC36231C0A0D1C00BD21EE /* User.m in Sources */ = {isa = PBXBuildFile; fileRef = 5CDC36211C0A0D1C00BD21EE /* User.m */; };
		5CDC36291C0A0DB700BD21EE /* QuartzCore.framework in Frameworks */ = {isa = PBXBuildFile; fileRef = 5CDC36281C0A0DB600BD21EE /* QuartzCore.framework */; };
		5CDC362B1C0A0DBD00BD21EE /* CoreGraphics.framework in Frameworks */ = {isa = PBXBuildFile; fileRef = 5CDC362A1C0A0DBD00BD21EE /* CoreGraphics.framework */; };
		5CDC362F1C0A113000BD21EE /* HomeViewController.m in Sources */ = {isa = PBXBuildFile; fileRef = 5CDC362E1C0A113000BD21EE /* HomeViewController.m */; };
/* End PBXBuildFile section */

/* Begin PBXContainerItemProxy section */
		5CAF68FE1C00ACB000795AD0 /* PBXContainerItemProxy */ = {
			isa = PBXContainerItemProxy;
			containerPortal = 5CAF68D91C00ACAF00795AD0 /* Project object */;
			proxyType = 1;
			remoteGlobalIDString = 5CAF68E01C00ACAF00795AD0;
			remoteInfo = EnglishLearning;
		};
		5CAF69091C00ACB000795AD0 /* PBXContainerItemProxy */ = {
			isa = PBXContainerItemProxy;
			containerPortal = 5CAF68D91C00ACAF00795AD0 /* Project object */;
			proxyType = 1;
			remoteGlobalIDString = 5CAF68E01C00ACAF00795AD0;
			remoteInfo = EnglishLearning;
		};
/* End PBXContainerItemProxy section */

/* Begin PBXFileReference section */
		5C0F47231C0A0B310053B22F /* Word.h */ = {isa = PBXFileReference; fileEncoding = 4; lastKnownFileType = sourcecode.c.h; name = Word.h; path = Models/Word/Word.h; sourceTree = "<group>"; };
		5C0F47241C0A0B310053B22F /* Word.m */ = {isa = PBXFileReference; fileEncoding = 4; lastKnownFileType = sourcecode.c.objc; name = Word.m; path = Models/Word/Word.m; sourceTree = "<group>"; };
		5C0F47251C0A0B310053B22F /* Word+CoreDataProperties.h */ = {isa = PBXFileReference; fileEncoding = 4; lastKnownFileType = sourcecode.c.h; name = "Word+CoreDataProperties.h"; path = "Models/Word/Word+CoreDataProperties.h"; sourceTree = "<group>"; };
		5C0F47261C0A0B310053B22F /* Word+CoreDataProperties.m */ = {isa = PBXFileReference; fileEncoding = 4; lastKnownFileType = sourcecode.c.objc; name = "Word+CoreDataProperties.m"; path = "Models/Word/Word+CoreDataProperties.m"; sourceTree = "<group>"; };
		5C19E3E81C00C3BB0088DE11 /* EnglishWords.csv */ = {isa = PBXFileReference; fileEncoding = 4; lastKnownFileType = text; path = EnglishWords.csv; sourceTree = "<group>"; };
		5C2AA3471C10E00700D87F59 /* WordsListTableViewCell.h */ = {isa = PBXFileReference; fileEncoding = 4; lastKnownFileType = sourcecode.c.h; path = WordsListTableViewCell.h; sourceTree = "<group>"; };
		5C2AA3481C10E00700D87F59 /* WordsListTableViewCell.m */ = {isa = PBXFileReference; fileEncoding = 4; lastKnownFileType = sourcecode.c.objc; path = WordsListTableViewCell.m; sourceTree = "<group>"; };
		5C2AA3491C10E00700D87F59 /* WordsListTableViewCell.xib */ = {isa = PBXFileReference; fileEncoding = 4; lastKnownFileType = file.xib; path = WordsListTableViewCell.xib; sourceTree = "<group>"; };
		5C5957D91C53E945003A1C86 /* ManageWordViewController.h */ = {isa = PBXFileReference; fileEncoding = 4; lastKnownFileType = sourcecode.c.h; path = ManageWordViewController.h; sourceTree = "<group>"; };
		5C5957DA1C53E945003A1C86 /* ManageWordViewController.m */ = {isa = PBXFileReference; fileEncoding = 4; lastKnownFileType = sourcecode.c.objc; path = ManageWordViewController.m; sourceTree = "<group>"; };
		5CAF68E11C00ACAF00795AD0 /* EnglishLearning.app */ = {isa = PBXFileReference; explicitFileType = wrapper.application; includeInIndex = 0; path = EnglishLearning.app; sourceTree = BUILT_PRODUCTS_DIR; };
		5CAF68E51C00ACAF00795AD0 /* main.m */ = {isa = PBXFileReference; lastKnownFileType = sourcecode.c.objc; path = main.m; sourceTree = "<group>"; };
		5CAF68E71C00ACAF00795AD0 /* AppDelegate.h */ = {isa = PBXFileReference; lastKnownFileType = sourcecode.c.h; path = AppDelegate.h; sourceTree = "<group>"; };
		5CAF68E81C00ACAF00795AD0 /* AppDelegate.m */ = {isa = PBXFileReference; lastKnownFileType = sourcecode.c.objc; path = AppDelegate.m; sourceTree = "<group>"; };
		5CAF68EA1C00ACAF00795AD0 /* WordsListViewController.h */ = {isa = PBXFileReference; lastKnownFileType = sourcecode.c.h; path = WordsListViewController.h; sourceTree = "<group>"; };
		5CAF68EB1C00ACAF00795AD0 /* WordsListViewController.m */ = {isa = PBXFileReference; lastKnownFileType = sourcecode.c.objc; path = WordsListViewController.m; sourceTree = "<group>"; };
		5CAF68EE1C00ACAF00795AD0 /* Base */ = {isa = PBXFileReference; lastKnownFileType = file.storyboard; name = Base; path = Base.lproj/Main.storyboard; sourceTree = "<group>"; };
		5CAF68F11C00ACAF00795AD0 /* EnglishLearning.xcdatamodel */ = {isa = PBXFileReference; lastKnownFileType = wrapper.xcdatamodel; path = EnglishLearning.xcdatamodel; sourceTree = "<group>"; };
		5CAF68F31C00ACAF00795AD0 /* Assets.xcassets */ = {isa = PBXFileReference; lastKnownFileType = folder.assetcatalog; path = Assets.xcassets; sourceTree = "<group>"; };
		5CAF68F61C00ACAF00795AD0 /* Base */ = {isa = PBXFileReference; lastKnownFileType = file.storyboard; name = Base; path = Base.lproj/LaunchScreen.storyboard; sourceTree = "<group>"; };
		5CAF68F81C00ACAF00795AD0 /* Info.plist */ = {isa = PBXFileReference; lastKnownFileType = text.plist.xml; path = Info.plist; sourceTree = "<group>"; };
		5CAF68FD1C00ACB000795AD0 /* EnglishLearningTests.xctest */ = {isa = PBXFileReference; explicitFileType = wrapper.cfbundle; includeInIndex = 0; path = EnglishLearningTests.xctest; sourceTree = BUILT_PRODUCTS_DIR; };
		5CAF69011C00ACB000795AD0 /* EnglishLearningTests.m */ = {isa = PBXFileReference; lastKnownFileType = sourcecode.c.objc; path = EnglishLearningTests.m; sourceTree = "<group>"; };
		5CAF69031C00ACB000795AD0 /* Info.plist */ = {isa = PBXFileReference; lastKnownFileType = text.plist.xml; path = Info.plist; sourceTree = "<group>"; };
		5CAF69081C00ACB000795AD0 /* EnglishLearningUITests.xctest */ = {isa = PBXFileReference; explicitFileType = wrapper.cfbundle; includeInIndex = 0; path = EnglishLearningUITests.xctest; sourceTree = BUILT_PRODUCTS_DIR; };
		5CAF690C1C00ACB000795AD0 /* EnglishLearningUITests.m */ = {isa = PBXFileReference; lastKnownFileType = sourcecode.c.objc; path = EnglishLearningUITests.m; sourceTree = "<group>"; };
		5CAF690E1C00ACB000795AD0 /* Info.plist */ = {isa = PBXFileReference; lastKnownFileType = text.plist.xml; path = Info.plist; sourceTree = "<group>"; };
		5CAF691D1C00BEDE00795AD0 /* Model.h */ = {isa = PBXFileReference; fileEncoding = 4; lastKnownFileType = sourcecode.c.h; path = Model.h; sourceTree = "<group>"; };
		5CAF691E1C00BEDE00795AD0 /* Model.m */ = {isa = PBXFileReference; fileEncoding = 4; lastKnownFileType = sourcecode.c.objc; path = Model.m; sourceTree = "<group>"; };
		5CAF692C1C021EDC00795AD0 /* WordsQuizTopTableViewCell.h */ = {isa = PBXFileReference; fileEncoding = 4; lastKnownFileType = sourcecode.c.h; path = WordsQuizTopTableViewCell.h; sourceTree = "<group>"; };
		5CAF692D1C021EDC00795AD0 /* WordsQuizTopTableViewCell.m */ = {isa = PBXFileReference; fileEncoding = 4; lastKnownFileType = sourcecode.c.objc; path = WordsQuizTopTableViewCell.m; sourceTree = "<group>"; };
		5CAF692E1C021EDC00795AD0 /* WordsQuizTopTableViewCell.xib */ = {isa = PBXFileReference; fileEncoding = 4; lastKnownFileType = file.xib; path = WordsQuizTopTableViewCell.xib; sourceTree = "<group>"; };
		5CAF69331C021F4F00795AD0 /* AnswersTableViewCell.h */ = {isa = PBXFileReference; fileEncoding = 4; lastKnownFileType = sourcecode.c.h; path = AnswersTableViewCell.h; sourceTree = "<group>"; };
		5CAF69341C021F4F00795AD0 /* AnswersTableViewCell.m */ = {isa = PBXFileReference; fileEncoding = 4; lastKnownFileType = sourcecode.c.objc; path = AnswersTableViewCell.m; sourceTree = "<group>"; };
		5CAF69371C021F8000795AD0 /* AnswersTableViewCell.xib */ = {isa = PBXFileReference; fileEncoding = 4; lastKnownFileType = file.xib; path = AnswersTableViewCell.xib; sourceTree = "<group>"; };
		5CAF69391C022A5800795AD0 /* QuizViewController.h */ = {isa = PBXFileReference; fileEncoding = 4; lastKnownFileType = sourcecode.c.h; path = QuizViewController.h; sourceTree = "<group>"; };
		5CAF693A1C022A5800795AD0 /* QuizViewController.m */ = {isa = PBXFileReference; fileEncoding = 4; lastKnownFileType = sourcecode.c.objc; path = QuizViewController.m; sourceTree = "<group>"; };
		5CC783AE1C025188005AD1E3 /* AnswerButtonCell.h */ = {isa = PBXFileReference; fileEncoding = 4; lastKnownFileType = sourcecode.c.h; path = AnswerButtonCell.h; sourceTree = "<group>"; };
		5CC783AF1C025188005AD1E3 /* AnswerButtonCell.m */ = {isa = PBXFileReference; fileEncoding = 4; lastKnownFileType = sourcecode.c.objc; path = AnswerButtonCell.m; sourceTree = "<group>"; };
		5CC783B01C025188005AD1E3 /* AnswerButtonCell.xib */ = {isa = PBXFileReference; fileEncoding = 4; lastKnownFileType = file.xib; path = AnswerButtonCell.xib; sourceTree = "<group>"; };
		5CDC361E1C0A0D1C00BD21EE /* User+CoreDataProperties.h */ = {isa = PBXFileReference; fileEncoding = 4; lastKnownFileType = sourcecode.c.h; name = "User+CoreDataProperties.h"; path = "Models/User/User+CoreDataProperties.h"; sourceTree = "<group>"; };
		5CDC361F1C0A0D1C00BD21EE /* User+CoreDataProperties.m */ = {isa = PBXFileReference; fileEncoding = 4; lastKnownFileType = sourcecode.c.objc; name = "User+CoreDataProperties.m"; path = "Models/User/User+CoreDataProperties.m"; sourceTree = "<group>"; };
		5CDC36201C0A0D1C00BD21EE /* User.h */ = {isa = PBXFileReference; fileEncoding = 4; lastKnownFileType = sourcecode.c.h; name = User.h; path = Models/User/User.h; sourceTree = "<group>"; };
		5CDC36211C0A0D1C00BD21EE /* User.m */ = {isa = PBXFileReference; fileEncoding = 4; lastKnownFileType = sourcecode.c.objc; name = User.m; path = Models/User/User.m; sourceTree = "<group>"; };
		5CDC36281C0A0DB600BD21EE /* QuartzCore.framework */ = {isa = PBXFileReference; lastKnownFileType = wrapper.framework; name = QuartzCore.framework; path = System/Library/Frameworks/QuartzCore.framework; sourceTree = SDKROOT; };
		5CDC362A1C0A0DBD00BD21EE /* CoreGraphics.framework */ = {isa = PBXFileReference; lastKnownFileType = wrapper.framework; name = CoreGraphics.framework; path = System/Library/Frameworks/CoreGraphics.framework; sourceTree = SDKROOT; };
		5CDC362D1C0A113000BD21EE /* HomeViewController.h */ = {isa = PBXFileReference; fileEncoding = 4; lastKnownFileType = sourcecode.c.h; path = HomeViewController.h; sourceTree = "<group>"; };
		5CDC362E1C0A113000BD21EE /* HomeViewController.m */ = {isa = PBXFileReference; fileEncoding = 4; lastKnownFileType = sourcecode.c.objc; path = HomeViewController.m; sourceTree = "<group>"; };
/* End PBXFileReference section */

/* Begin PBXFrameworksBuildPhase section */
		5CAF68DE1C00ACAF00795AD0 /* Frameworks */ = {
			isa = PBXFrameworksBuildPhase;
			buildActionMask = 2147483647;
			files = (
				5CDC362B1C0A0DBD00BD21EE /* CoreGraphics.framework in Frameworks */,
				5CDC36291C0A0DB700BD21EE /* QuartzCore.framework in Frameworks */,
			);
			runOnlyForDeploymentPostprocessing = 0;
		};
		5CAF68FA1C00ACB000795AD0 /* Frameworks */ = {
			isa = PBXFrameworksBuildPhase;
			buildActionMask = 2147483647;
			files = (
			);
			runOnlyForDeploymentPostprocessing = 0;
		};
		5CAF69051C00ACB000795AD0 /* Frameworks */ = {
			isa = PBXFrameworksBuildPhase;
			buildActionMask = 2147483647;
			files = (
			);
			runOnlyForDeploymentPostprocessing = 0;
		};
/* End PBXFrameworksBuildPhase section */

/* Begin PBXGroup section */
		5C2AA34C1C10E00E00D87F59 /* WordsListTableViewCell */ = {
			isa = PBXGroup;
			children = (
				5C2AA3471C10E00700D87F59 /* WordsListTableViewCell.h */,
				5C2AA3481C10E00700D87F59 /* WordsListTableViewCell.m */,
				5C2AA3491C10E00700D87F59 /* WordsListTableViewCell.xib */,
			);
			name = WordsListTableViewCell;
			sourceTree = "<group>";
		};
		5CAF68D81C00ACAF00795AD0 = {
			isa = PBXGroup;
			children = (
				5CAF68E31C00ACAF00795AD0 /* EnglishLearning */,
				5CDC362C1C0A0DC300BD21EE /* Frameworks */,
				5CAF69001C00ACB000795AD0 /* EnglishLearningTests */,
				5CAF690B1C00ACB000795AD0 /* EnglishLearningUITests */,
				5CAF68E21C00ACAF00795AD0 /* Products */,
			);
			sourceTree = "<group>";
		};
		5CAF68E21C00ACAF00795AD0 /* Products */ = {
			isa = PBXGroup;
			children = (
				5CAF68E11C00ACAF00795AD0 /* EnglishLearning.app */,
				5CAF68FD1C00ACB000795AD0 /* EnglishLearningTests.xctest */,
				5CAF69081C00ACB000795AD0 /* EnglishLearningUITests.xctest */,
			);
			name = Products;
			sourceTree = "<group>";
		};
		5CAF68E31C00ACAF00795AD0 /* EnglishLearning */ = {
			isa = PBXGroup;
			children = (
				5CAF68E71C00ACAF00795AD0 /* AppDelegate.h */,
				5CAF68E81C00ACAF00795AD0 /* AppDelegate.m */,
				5CDC36301C0A12CE00BD21EE /* ViewControllers */,
				5CAF69311C021EE100795AD0 /* TableViewCell */,
				5CAF69201C00BEE300795AD0 /* Model */,
				5CAF68ED1C00ACAF00795AD0 /* Main.storyboard */,
				5CAF68F31C00ACAF00795AD0 /* Assets.xcassets */,
				5CAF68F51C00ACAF00795AD0 /* LaunchScreen.storyboard */,
				5CAF68F81C00ACAF00795AD0 /* Info.plist */,
				5CAF68F01C00ACAF00795AD0 /* EnglishLearning.xcdatamodeld */,
				5CAF691C1C00BE6B00795AD0 /* Resources */,
				5CAF68E41C00ACAF00795AD0 /* Supporting Files */,
			);
			path = EnglishLearning;
			sourceTree = "<group>";
		};
		5CAF68E41C00ACAF00795AD0 /* Supporting Files */ = {
			isa = PBXGroup;
			children = (
				5CAF68E51C00ACAF00795AD0 /* main.m */,
			);
			name = "Supporting Files";
			sourceTree = "<group>";
		};
		5CAF69001C00ACB000795AD0 /* EnglishLearningTests */ = {
			isa = PBXGroup;
			children = (
				5CAF69011C00ACB000795AD0 /* EnglishLearningTests.m */,
				5CAF69031C00ACB000795AD0 /* Info.plist */,
			);
			path = EnglishLearningTests;
			sourceTree = "<group>";
		};
		5CAF690B1C00ACB000795AD0 /* EnglishLearningUITests */ = {
			isa = PBXGroup;
			children = (
				5CAF690C1C00ACB000795AD0 /* EnglishLearningUITests.m */,
				5CAF690E1C00ACB000795AD0 /* Info.plist */,
			);
			path = EnglishLearningUITests;
			sourceTree = "<group>";
		};
		5CAF691C1C00BE6B00795AD0 /* Resources */ = {
			isa = PBXGroup;
			children = (
				5C19E3E81C00C3BB0088DE11 /* EnglishWords.csv */,
			);
			name = Resources;
			sourceTree = "<group>";
		};
		5CAF69201C00BEE300795AD0 /* Model */ = {
			isa = PBXGroup;
			children = (
				5CAF691D1C00BEDE00795AD0 /* Model.h */,
				5CAF691E1C00BEDE00795AD0 /* Model.m */,
				5CDC36241C0A0D2900BD21EE /* User */,
				5CAF69281C00CEEA00795AD0 /* Word */,
			);
			name = Model;
			sourceTree = "<group>";
		};
		5CAF69281C00CEEA00795AD0 /* Word */ = {
			isa = PBXGroup;
			children = (
				5C0F47231C0A0B310053B22F /* Word.h */,
				5C0F47241C0A0B310053B22F /* Word.m */,
				5C0F47251C0A0B310053B22F /* Word+CoreDataProperties.h */,
				5C0F47261C0A0B310053B22F /* Word+CoreDataProperties.m */,
			);
			name = Word;
			sourceTree = "<group>";
		};
		5CAF69311C021EE100795AD0 /* TableViewCell */ = {
			isa = PBXGroup;
			children = (
				5C2AA34C1C10E00E00D87F59 /* WordsListTableViewCell */,
				5CAF69321C021EF800795AD0 /* TopQuizCell */,
				5CAF69361C021F5500795AD0 /* AnswersTableViewCell */,
				5CC783B31C02518C005AD1E3 /* AnswerButtonCell */,
			);
			name = TableViewCell;
			sourceTree = "<group>";
		};
		5CAF69321C021EF800795AD0 /* TopQuizCell */ = {
			isa = PBXGroup;
			children = (
				5CAF692C1C021EDC00795AD0 /* WordsQuizTopTableViewCell.h */,
				5CAF692D1C021EDC00795AD0 /* WordsQuizTopTableViewCell.m */,
				5CAF692E1C021EDC00795AD0 /* WordsQuizTopTableViewCell.xib */,
			);
			name = TopQuizCell;
			sourceTree = "<group>";
		};
		5CAF69361C021F5500795AD0 /* AnswersTableViewCell */ = {
			isa = PBXGroup;
			children = (
				5CAF69331C021F4F00795AD0 /* AnswersTableViewCell.h */,
				5CAF69341C021F4F00795AD0 /* AnswersTableViewCell.m */,
				5CAF69371C021F8000795AD0 /* AnswersTableViewCell.xib */,
			);
			name = AnswersTableViewCell;
			sourceTree = "<group>";
		};
		5CC783B31C02518C005AD1E3 /* AnswerButtonCell */ = {
			isa = PBXGroup;
			children = (
				5CC783AE1C025188005AD1E3 /* AnswerButtonCell.h */,
				5CC783AF1C025188005AD1E3 /* AnswerButtonCell.m */,
				5CC783B01C025188005AD1E3 /* AnswerButtonCell.xib */,
			);
			name = AnswerButtonCell;
			sourceTree = "<group>";
		};
		5CDC36241C0A0D2900BD21EE /* User */ = {
			isa = PBXGroup;
			children = (
				5CDC361E1C0A0D1C00BD21EE /* User+CoreDataProperties.h */,
				5CDC361F1C0A0D1C00BD21EE /* User+CoreDataProperties.m */,
				5CDC36201C0A0D1C00BD21EE /* User.h */,
				5CDC36211C0A0D1C00BD21EE /* User.m */,
			);
			name = User;
			sourceTree = "<group>";
		};
		5CDC362C1C0A0DC300BD21EE /* Frameworks */ = {
			isa = PBXGroup;
			children = (
				5CDC362A1C0A0DBD00BD21EE /* CoreGraphics.framework */,
				5CDC36281C0A0DB600BD21EE /* QuartzCore.framework */,
			);
			name = Frameworks;
			sourceTree = "<group>";
		};
		5CDC36301C0A12CE00BD21EE /* ViewControllers */ = {
			isa = PBXGroup;
			children = (
				5CDC362D1C0A113000BD21EE /* HomeViewController.h */,
				5CDC362E1C0A113000BD21EE /* HomeViewController.m */,
				5CAF68EA1C00ACAF00795AD0 /* WordsListViewController.h */,
				5CAF68EB1C00ACAF00795AD0 /* WordsListViewController.m */,
				5CAF69391C022A5800795AD0 /* QuizViewController.h */,
				5CAF693A1C022A5800795AD0 /* QuizViewController.m */,
				5C5957D91C53E945003A1C86 /* ManageWordViewController.h */,
				5C5957DA1C53E945003A1C86 /* ManageWordViewController.m */,
			);
			name = ViewControllers;
			sourceTree = "<group>";
		};
/* End PBXGroup section */

/* Begin PBXNativeTarget section */
		5CAF68E01C00ACAF00795AD0 /* EnglishLearning */ = {
			isa = PBXNativeTarget;
			buildConfigurationList = 5CAF69111C00ACB000795AD0 /* Build configuration list for PBXNativeTarget "EnglishLearning" */;
			buildPhases = (
				5CAF68DD1C00ACAF00795AD0 /* Sources */,
				5CAF68DE1C00ACAF00795AD0 /* Frameworks */,
				5CAF68DF1C00ACAF00795AD0 /* Resources */,
			);
			buildRules = (
			);
			dependencies = (
			);
			name = EnglishLearning;
			productName = EnglishLearning;
			productReference = 5CAF68E11C00ACAF00795AD0 /* EnglishLearning.app */;
			productType = "com.apple.product-type.application";
		};
		5CAF68FC1C00ACB000795AD0 /* EnglishLearningTests */ = {
			isa = PBXNativeTarget;
			buildConfigurationList = 5CAF69141C00ACB000795AD0 /* Build configuration list for PBXNativeTarget "EnglishLearningTests" */;
			buildPhases = (
				5CAF68F91C00ACB000795AD0 /* Sources */,
				5CAF68FA1C00ACB000795AD0 /* Frameworks */,
				5CAF68FB1C00ACB000795AD0 /* Resources */,
			);
			buildRules = (
			);
			dependencies = (
				5CAF68FF1C00ACB000795AD0 /* PBXTargetDependency */,
			);
			name = EnglishLearningTests;
			productName = EnglishLearningTests;
			productReference = 5CAF68FD1C00ACB000795AD0 /* EnglishLearningTests.xctest */;
			productType = "com.apple.product-type.bundle.unit-test";
		};
		5CAF69071C00ACB000795AD0 /* EnglishLearningUITests */ = {
			isa = PBXNativeTarget;
			buildConfigurationList = 5CAF69171C00ACB000795AD0 /* Build configuration list for PBXNativeTarget "EnglishLearningUITests" */;
			buildPhases = (
				5CAF69041C00ACB000795AD0 /* Sources */,
				5CAF69051C00ACB000795AD0 /* Frameworks */,
				5CAF69061C00ACB000795AD0 /* Resources */,
			);
			buildRules = (
			);
			dependencies = (
				5CAF690A1C00ACB000795AD0 /* PBXTargetDependency */,
			);
			name = EnglishLearningUITests;
			productName = EnglishLearningUITests;
			productReference = 5CAF69081C00ACB000795AD0 /* EnglishLearningUITests.xctest */;
			productType = "com.apple.product-type.bundle.ui-testing";
		};
/* End PBXNativeTarget section */

/* Begin PBXProject section */
		5CAF68D91C00ACAF00795AD0 /* Project object */ = {
			isa = PBXProject;
			attributes = {
				CLASSPREFIX = AN;
				LastUpgradeCheck = 0710;
				ORGANIZATIONNAME = azhuk;
				TargetAttributes = {
					5CAF68E01C00ACAF00795AD0 = {
						CreatedOnToolsVersion = 7.1.1;
						DevelopmentTeam = X2AQQ3DS83;
					};
					5CAF68FC1C00ACB000795AD0 = {
						CreatedOnToolsVersion = 7.1.1;
						TestTargetID = 5CAF68E01C00ACAF00795AD0;
					};
					5CAF69071C00ACB000795AD0 = {
						CreatedOnToolsVersion = 7.1.1;
						TestTargetID = 5CAF68E01C00ACAF00795AD0;
					};
				};
			};
			buildConfigurationList = 5CAF68DC1C00ACAF00795AD0 /* Build configuration list for PBXProject "Words Learning" */;
			compatibilityVersion = "Xcode 6.3";
			developmentRegion = English;
			hasScannedForEncodings = 0;
			knownRegions = (
				en,
				Base,
			);
			mainGroup = 5CAF68D81C00ACAF00795AD0;
			productRefGroup = 5CAF68E21C00ACAF00795AD0 /* Products */;
			projectDirPath = "";
			projectRoot = "";
			targets = (
				5CAF68E01C00ACAF00795AD0 /* EnglishLearning */,
				5CAF68FC1C00ACB000795AD0 /* EnglishLearningTests */,
				5CAF69071C00ACB000795AD0 /* EnglishLearningUITests */,
			);
		};
/* End PBXProject section */

/* Begin PBXResourcesBuildPhase section */
		5CAF68DF1C00ACAF00795AD0 /* Resources */ = {
			isa = PBXResourcesBuildPhase;
			buildActionMask = 2147483647;
			files = (
				5CAF68F71C00ACAF00795AD0 /* LaunchScreen.storyboard in Resources */,
				5C2AA34B1C10E00700D87F59 /* WordsListTableViewCell.xib in Resources */,
				5CAF68F41C00ACAF00795AD0 /* Assets.xcassets in Resources */,
				5CAF68EF1C00ACAF00795AD0 /* Main.storyboard in Resources */,
				5CAF69381C021F8000795AD0 /* AnswersTableViewCell.xib in Resources */,
				5CAF69211C00C86000795AD0 /* EnglishWords.csv in Resources */,
				5CAF69301C021EDC00795AD0 /* WordsQuizTopTableViewCell.xib in Resources */,
				5CC783B21C025188005AD1E3 /* AnswerButtonCell.xib in Resources */,
			);
			runOnlyForDeploymentPostprocessing = 0;
		};
		5CAF68FB1C00ACB000795AD0 /* Resources */ = {
			isa = PBXResourcesBuildPhase;
			buildActionMask = 2147483647;
			files = (
			);
			runOnlyForDeploymentPostprocessing = 0;
		};
		5CAF69061C00ACB000795AD0 /* Resources */ = {
			isa = PBXResourcesBuildPhase;
			buildActionMask = 2147483647;
			files = (
			);
			runOnlyForDeploymentPostprocessing = 0;
		};
/* End PBXResourcesBuildPhase section */

/* Begin PBXSourcesBuildPhase section */
		5CAF68DD1C00ACAF00795AD0 /* Sources */ = {
			isa = PBXSourcesBuildPhase;
			buildActionMask = 2147483647;
			files = (
				5CDC36231C0A0D1C00BD21EE /* User.m in Sources */,
				5CAF68EC1C00ACAF00795AD0 /* WordsListViewController.m in Sources */,
				5CAF693B1C022A5800795AD0 /* QuizViewController.m in Sources */,
				5C2AA34A1C10E00700D87F59 /* WordsListTableViewCell.m in Sources */,
				5CAF68E91C00ACAF00795AD0 /* AppDelegate.m in Sources */,
				5CAF68F21C00ACAF00795AD0 /* EnglishLearning.xcdatamodeld in Sources */,
				5C5957DB1C53E945003A1C86 /* ManageWordViewController.m in Sources */,
				5CDC362F1C0A113000BD21EE /* HomeViewController.m in Sources */,
				5CAF68E61C00ACAF00795AD0 /* main.m in Sources */,
				5C0F47271C0A0B310053B22F /* Word.m in Sources */,
				5CDC36221C0A0D1C00BD21EE /* User+CoreDataProperties.m in Sources */,
				5CAF692F1C021EDC00795AD0 /* WordsQuizTopTableViewCell.m in Sources */,
				5CAF69351C021F4F00795AD0 /* AnswersTableViewCell.m in Sources */,
				5C0F47281C0A0B310053B22F /* Word+CoreDataProperties.m in Sources */,
				5CAF691F1C00BEDE00795AD0 /* Model.m in Sources */,
				5CC783B11C025188005AD1E3 /* AnswerButtonCell.m in Sources */,
			);
			runOnlyForDeploymentPostprocessing = 0;
		};
		5CAF68F91C00ACB000795AD0 /* Sources */ = {
			isa = PBXSourcesBuildPhase;
			buildActionMask = 2147483647;
			files = (
				5CAF69021C00ACB000795AD0 /* EnglishLearningTests.m in Sources */,
			);
			runOnlyForDeploymentPostprocessing = 0;
		};
		5CAF69041C00ACB000795AD0 /* Sources */ = {
			isa = PBXSourcesBuildPhase;
			buildActionMask = 2147483647;
			files = (
				5CAF690D1C00ACB000795AD0 /* EnglishLearningUITests.m in Sources */,
			);
			runOnlyForDeploymentPostprocessing = 0;
		};
/* End PBXSourcesBuildPhase section */

/* Begin PBXTargetDependency section */
		5CAF68FF1C00ACB000795AD0 /* PBXTargetDependency */ = {
			isa = PBXTargetDependency;
			target = 5CAF68E01C00ACAF00795AD0 /* EnglishLearning */;
			targetProxy = 5CAF68FE1C00ACB000795AD0 /* PBXContainerItemProxy */;
		};
		5CAF690A1C00ACB000795AD0 /* PBXTargetDependency */ = {
			isa = PBXTargetDependency;
			target = 5CAF68E01C00ACAF00795AD0 /* EnglishLearning */;
			targetProxy = 5CAF69091C00ACB000795AD0 /* PBXContainerItemProxy */;
		};
/* End PBXTargetDependency section */

/* Begin PBXVariantGroup section */
		5CAF68ED1C00ACAF00795AD0 /* Main.storyboard */ = {
			isa = PBXVariantGroup;
			children = (
				5CAF68EE1C00ACAF00795AD0 /* Base */,
			);
			name = Main.storyboard;
			sourceTree = "<group>";
		};
		5CAF68F51C00ACAF00795AD0 /* LaunchScreen.storyboard */ = {
			isa = PBXVariantGroup;
			children = (
				5CAF68F61C00ACAF00795AD0 /* Base */,
			);
			name = LaunchScreen.storyboard;
			sourceTree = "<group>";
		};
/* End PBXVariantGroup section */

/* Begin XCBuildConfiguration section */
		5CAF690F1C00ACB000795AD0 /* Debug */ = {
			isa = XCBuildConfiguration;
			buildSettings = {
				ALWAYS_SEARCH_USER_PATHS = NO;
				CLANG_CXX_LANGUAGE_STANDARD = "gnu++0x";
				CLANG_CXX_LIBRARY = "libc++";
				CLANG_ENABLE_MODULES = YES;
				CLANG_ENABLE_OBJC_ARC = YES;
				CLANG_WARN_BOOL_CONVERSION = YES;
				CLANG_WARN_CONSTANT_CONVERSION = YES;
				CLANG_WARN_DIRECT_OBJC_ISA_USAGE = YES_ERROR;
				CLANG_WARN_EMPTY_BODY = YES;
				CLANG_WARN_ENUM_CONVERSION = YES;
				CLANG_WARN_INT_CONVERSION = YES;
				CLANG_WARN_OBJC_ROOT_CLASS = YES_ERROR;
				CLANG_WARN_UNREACHABLE_CODE = YES;
				CLANG_WARN__DUPLICATE_METHOD_MATCH = YES;
				"CODE_SIGN_IDENTITY[sdk=iphoneos*]" = "iPhone Developer";
				COPY_PHASE_STRIP = NO;
				DEBUG_INFORMATION_FORMAT = dwarf;
				ENABLE_STRICT_OBJC_MSGSEND = YES;
				ENABLE_TESTABILITY = YES;
				GCC_C_LANGUAGE_STANDARD = gnu99;
				GCC_DYNAMIC_NO_PIC = NO;
				GCC_NO_COMMON_BLOCKS = YES;
				GCC_OPTIMIZATION_LEVEL = 0;
				GCC_PREPROCESSOR_DEFINITIONS = (
					"DEBUG=1",
					"$(inherited)",
				);
				GCC_WARN_64_TO_32_BIT_CONVERSION = YES;
				GCC_WARN_ABOUT_RETURN_TYPE = YES_ERROR;
				GCC_WARN_UNDECLARED_SELECTOR = YES;
				GCC_WARN_UNINITIALIZED_AUTOS = YES_AGGRESSIVE;
				GCC_WARN_UNUSED_FUNCTION = YES;
				GCC_WARN_UNUSED_VARIABLE = YES;
				IPHONEOS_DEPLOYMENT_TARGET = 9.1;
				MTL_ENABLE_DEBUG_INFO = YES;
				ONLY_ACTIVE_ARCH = YES;
				SDKROOT = iphoneos;
			};
			name = Debug;
		};
		5CAF69101C00ACB000795AD0 /* Release */ = {
			isa = XCBuildConfiguration;
			buildSettings = {
				ALWAYS_SEARCH_USER_PATHS = NO;
				CLANG_CXX_LANGUAGE_STANDARD = "gnu++0x";
				CLANG_CXX_LIBRARY = "libc++";
				CLANG_ENABLE_MODULES = YES;
				CLANG_ENABLE_OBJC_ARC = YES;
				CLANG_WARN_BOOL_CONVERSION = YES;
				CLANG_WARN_CONSTANT_CONVERSION = YES;
				CLANG_WARN_DIRECT_OBJC_ISA_USAGE = YES_ERROR;
				CLANG_WARN_EMPTY_BODY = YES;
				CLANG_WARN_ENUM_CONVERSION = YES;
				CLANG_WARN_INT_CONVERSION = YES;
				CLANG_WARN_OBJC_ROOT_CLASS = YES_ERROR;
				CLANG_WARN_UNREACHABLE_CODE = YES;
				CLANG_WARN__DUPLICATE_METHOD_MATCH = YES;
				"CODE_SIGN_IDENTITY[sdk=iphoneos*]" = "iPhone Developer";
				COPY_PHASE_STRIP = NO;
				DEBUG_INFORMATION_FORMAT = "dwarf-with-dsym";
				ENABLE_NS_ASSERTIONS = NO;
				ENABLE_STRICT_OBJC_MSGSEND = YES;
				GCC_C_LANGUAGE_STANDARD = gnu99;
				GCC_NO_COMMON_BLOCKS = YES;
				GCC_WARN_64_TO_32_BIT_CONVERSION = YES;
				GCC_WARN_ABOUT_RETURN_TYPE = YES_ERROR;
				GCC_WARN_UNDECLARED_SELECTOR = YES;
				GCC_WARN_UNINITIALIZED_AUTOS = YES_AGGRESSIVE;
				GCC_WARN_UNUSED_FUNCTION = YES;
				GCC_WARN_UNUSED_VARIABLE = YES;
				IPHONEOS_DEPLOYMENT_TARGET = 9.1;
				MTL_ENABLE_DEBUG_INFO = NO;
				SDKROOT = iphoneos;
				VALIDATE_PRODUCT = YES;
			};
			name = Release;
		};
		5CAF69121C00ACB000795AD0 /* Debug */ = {
			isa = XCBuildConfiguration;
			buildSettings = {
				ASSETCATALOG_COMPILER_APPICON_NAME = AppIcon;
				CODE_SIGN_IDENTITY = "iPhone Developer";
				"CODE_SIGN_IDENTITY[sdk=iphoneos*]" = "iPhone Developer";
				INFOPLIST_FILE = EnglishLearning/Info.plist;
				IPHONEOS_DEPLOYMENT_TARGET = 8.0;
				LD_RUNPATH_SEARCH_PATHS = "$(inherited) @executable_path/Frameworks";
				PRODUCT_BUNDLE_IDENTIFIER = com.azhuk.EnglishLearning;
				PRODUCT_NAME = "$(TARGET_NAME)";
				PROVISIONING_PROFILE = "";
			};
			name = Debug;
		};
		5CAF69131C00ACB000795AD0 /* Release */ = {
			isa = XCBuildConfiguration;
			buildSettings = {
				ASSETCATALOG_COMPILER_APPICON_NAME = AppIcon;
				CODE_SIGN_IDENTITY = "iPhone Developer";
				"CODE_SIGN_IDENTITY[sdk=iphoneos*]" = "iPhone Developer";
				INFOPLIST_FILE = EnglishLearning/Info.plist;
				IPHONEOS_DEPLOYMENT_TARGET = 8.0;
				LD_RUNPATH_SEARCH_PATHS = "$(inherited) @executable_path/Frameworks";
				PRODUCT_BUNDLE_IDENTIFIER = com.azhuk.EnglishLearning;
				PRODUCT_NAME = "$(TARGET_NAME)";
				PROVISIONING_PROFILE = "";
			};
			name = Release;
		};
		5CAF69151C00ACB000795AD0 /* Debug */ = {
			isa = XCBuildConfiguration;
			buildSettings = {
				BUNDLE_LOADER = "$(TEST_HOST)";
				INFOPLIST_FILE = EnglishLearningTests/Info.plist;
				LD_RUNPATH_SEARCH_PATHS = "$(inherited) @executable_path/Frameworks @loader_path/Frameworks";
				PRODUCT_BUNDLE_IDENTIFIER = com.azhuk.EnglishLearningTests;
				PRODUCT_NAME = "$(TARGET_NAME)";
				TEST_HOST = "$(BUILT_PRODUCTS_DIR)/EnglishLearning.app/EnglishLearning";
			};
			name = Debug;
		};
		5CAF69161C00ACB000795AD0 /* Release */ = {
			isa = XCBuildConfiguration;
			buildSettings = {
				BUNDLE_LOADER = "$(TEST_HOST)";
				INFOPLIST_FILE = EnglishLearningTests/Info.plist;
				LD_RUNPATH_SEARCH_PATHS = "$(inherited) @executable_path/Frameworks @loader_path/Frameworks";
				PRODUCT_BUNDLE_IDENTIFIER = com.azhuk.EnglishLearningTests;
				PRODUCT_NAME = "$(TARGET_NAME)";
				TEST_HOST = "$(BUILT_PRODUCTS_DIR)/EnglishLearning.app/EnglishLearning";
			};
			name = Release;
		};
		5CAF69181C00ACB000795AD0 /* Debug */ = {
			isa = XCBuildConfiguration;
			buildSettings = {
				INFOPLIST_FILE = EnglishLearningUITests/Info.plist;
				LD_RUNPATH_SEARCH_PATHS = "$(inherited) @executable_path/Frameworks @loader_path/Frameworks";
				PRODUCT_BUNDLE_IDENTIFIER = com.azhuk.EnglishLearningUITests;
				PRODUCT_NAME = "$(TARGET_NAME)";
				TEST_TARGET_NAME = EnglishLearning;
				USES_XCTRUNNER = YES;
			};
			name = Debug;
		};
		5CAF69191C00ACB000795AD0 /* Release */ = {
			isa = XCBuildConfiguration;
			buildSettings = {
				INFOPLIST_FILE = EnglishLearningUITests/Info.plist;
				LD_RUNPATH_SEARCH_PATHS = "$(inherited) @executable_path/Frameworks @loader_path/Frameworks";
				PRODUCT_BUNDLE_IDENTIFIER = com.azhuk.EnglishLearningUITests;
				PRODUCT_NAME = "$(TARGET_NAME)";
				TEST_TARGET_NAME = EnglishLearning;
				USES_XCTRUNNER = YES;
			};
			name = Release;
		};
/* End XCBuildConfiguration section */

/* Begin XCConfigurationList section */
		5CAF68DC1C00ACAF00795AD0 /* Build configuration list for PBXProject "Words Learning" */ = {
			isa = XCConfigurationList;
			buildConfigurations = (
				5CAF690F1C00ACB000795AD0 /* Debug */,
				5CAF69101C00ACB000795AD0 /* Release */,
			);
			defaultConfigurationIsVisible = 0;
			defaultConfigurationName = Release;
		};
		5CAF69111C00ACB000795AD0 /* Build configuration list for PBXNativeTarget "EnglishLearning" */ = {
			isa = XCConfigurationList;
			buildConfigurations = (
				5CAF69121C00ACB000795AD0 /* Debug */,
				5CAF69131C00ACB000795AD0 /* Release */,
			);
			defaultConfigurationIsVisible = 0;
			defaultConfigurationName = Release;
		};
		5CAF69141C00ACB000795AD0 /* Build configuration list for PBXNativeTarget "EnglishLearningTests" */ = {
			isa = XCConfigurationList;
			buildConfigurations = (
				5CAF69151C00ACB000795AD0 /* Debug */,
				5CAF69161C00ACB000795AD0 /* Release */,
			);
			defaultConfigurationIsVisible = 0;
			defaultConfigurationName = Release;
		};
		5CAF69171C00ACB000795AD0 /* Build configuration list for PBXNativeTarget "EnglishLearningUITests" */ = {
			isa = XCConfigurationList;
			buildConfigurations = (
				5CAF69181C00ACB000795AD0 /* Debug */,
				5CAF69191C00ACB000795AD0 /* Release */,
			);
			defaultConfigurationIsVisible = 0;
			defaultConfigurationName = Release;
		};
/* End XCConfigurationList section */

/* Begin XCVersionGroup section */
		5CAF68F01C00ACAF00795AD0 /* EnglishLearning.xcdatamodeld */ = {
			isa = XCVersionGroup;
			children = (
				5CAF68F11C00ACAF00795AD0 /* EnglishLearning.xcdatamodel */,
			);
			currentVersion = 5CAF68F11C00ACAF00795AD0 /* EnglishLearning.xcdatamodel */;
			path = EnglishLearning.xcdatamodeld;
			sourceTree = "<group>";
			versionGroupType = wrapper.xcdatamodel;
		};
/* End XCVersionGroup section */
	};
	rootObject = 5CAF68D91C00ACAF00795AD0 /* Project object */;
}
