// !$*UTF8*$!
{
	archiveVersion = 1;
	classes = {
	};
	objectVersion = 47;
	objects = {

/* Begin PBXBuildFile section */
		5C1881B11F6DB426000FFA42 /* CoreGraphics.framework in Frameworks */ = {isa = PBXBuildFile; fileRef = 5CDC362A1C0A0DBD00BD21EE /* CoreGraphics.framework */; };
		5C1881B21F6DB42E000FFA42 /* QuartzCore.framework in Frameworks */ = {isa = PBXBuildFile; fileRef = 5CDC36281C0A0DB600BD21EE /* QuartzCore.framework */; };
		5C1881B31F6DB4D7000FFA42 /* 3000_Words.csv in Resources */ = {isa = PBXBuildFile; fileRef = 5C417ECB1F6D9A9E00A24C8A /* 3000_Words.csv */; };
		5C64C9791F6D9DC600F7E716 /* WordsFileParser.swift in Sources */ = {isa = PBXBuildFile; fileRef = 5C64C9781F6D9DC600F7E716 /* WordsFileParser.swift */; };
		5C64C97E1F6DA34E00F7E716 /* main.m in Sources */ = {isa = PBXBuildFile; fileRef = 5C64C97B1F6DA2A700F7E716 /* main.m */; };
		5C8BB2161F60279200BDFAD1 /* AnswerButtonCell.m in Sources */ = {isa = PBXBuildFile; fileRef = 5C8BB20C1F60278800BDFAD1 /* AnswerButtonCell.m */; };
		5C8BB2171F60279400BDFAD1 /* AnswersTableViewCell.m in Sources */ = {isa = PBXBuildFile; fileRef = 5C8BB20F1F60278800BDFAD1 /* AnswersTableViewCell.m */; };
		5C8BB2181F6027AD00BDFAD1 /* AnswerButtonCell.xib in Resources */ = {isa = PBXBuildFile; fileRef = 5C8BB20D1F60278800BDFAD1 /* AnswerButtonCell.xib */; };
		5C8BB2191F6027AD00BDFAD1 /* AnswersTableViewCell.xib in Resources */ = {isa = PBXBuildFile; fileRef = 5C8BB2101F60278800BDFAD1 /* AnswersTableViewCell.xib */; };
		5C8BB21A1F6027AD00BDFAD1 /* WordsListTableViewCell.m in Sources */ = {isa = PBXBuildFile; fileRef = 5C8BB2121F60278800BDFAD1 /* WordsListTableViewCell.m */; };
		5C8BB21B1F6027AD00BDFAD1 /* WordsQuizTopTableViewCell.m in Sources */ = {isa = PBXBuildFile; fileRef = 5C8BB2141F60278800BDFAD1 /* WordsQuizTopTableViewCell.m */; };
		5C8BB21C1F6027AD00BDFAD1 /* WordsQuizTopTableViewCell.xib in Resources */ = {isa = PBXBuildFile; fileRef = 5C8BB2151F60278800BDFAD1 /* WordsQuizTopTableViewCell.xib */; };
		5C8BB21D1F6027D500BDFAD1 /* EnglishWords.csv in Resources */ = {isa = PBXBuildFile; fileRef = 5C8BB2091F60276600BDFAD1 /* EnglishWords.csv */; };
		5C8BB21E1F6027E000BDFAD1 /* ANEditWordViewController.m in Sources */ = {isa = PBXBuildFile; fileRef = 5C8BB1F21F60274C00BDFAD1 /* ANEditWordViewController.m */; };
		5C8BB21F1F6027E000BDFAD1 /* HomeViewController.m in Sources */ = {isa = PBXBuildFile; fileRef = 5C8BB1F41F60274C00BDFAD1 /* HomeViewController.m */; };
		5C8BB2201F6027E000BDFAD1 /* QuizViewController.m in Sources */ = {isa = PBXBuildFile; fileRef = 5C8BB1F61F60274C00BDFAD1 /* QuizViewController.m */; };
		5C8BB2211F6027E000BDFAD1 /* WordsListViewController.m in Sources */ = {isa = PBXBuildFile; fileRef = 5C8BB1F81F60274C00BDFAD1 /* WordsListViewController.m */; };
		5C8BB2251F6027F000BDFAD1 /* EnglishLearning.xcdatamodeld in Sources */ = {isa = PBXBuildFile; fileRef = 5C8BB2221F6027ED00BDFAD1 /* EnglishLearning.xcdatamodeld */; };
		5C8BB2281F6027FE00BDFAD1 /* LaunchScreen.storyboard in Resources */ = {isa = PBXBuildFile; fileRef = 5C8BB2061F60275B00BDFAD1 /* LaunchScreen.storyboard */; };
		5C8BB2291F6027FE00BDFAD1 /* Main.storyboard in Resources */ = {isa = PBXBuildFile; fileRef = 5C8BB2071F60275B00BDFAD1 /* Main.storyboard */; };
		5CAF68E91C00ACAF00795AD0 /* AppDelegate.m in Sources */ = {isa = PBXBuildFile; fileRef = 5CAF68E81C00ACAF00795AD0 /* AppDelegate.m */; };
		5CAF68F41C00ACAF00795AD0 /* Assets.xcassets in Resources */ = {isa = PBXBuildFile; fileRef = 5CAF68F31C00ACAF00795AD0 /* Assets.xcassets */; };
		5CAF69021C00ACB000795AD0 /* WordsTest.m in Sources */ = {isa = PBXBuildFile; fileRef = 5CAF69011C00ACB000795AD0 /* WordsTest.m */; };
		5CAF690D1C00ACB000795AD0 /* EnglishLearningUITests.m in Sources */ = {isa = PBXBuildFile; fileRef = 5CAF690C1C00ACB000795AD0 /* EnglishLearningUITests.m */; };
		5CD383DC1F60238700BD4D1D /* ANCoreDataManager.m in Sources */ = {isa = PBXBuildFile; fileRef = 5CD383CF1F60230000BD4D1D /* ANCoreDataManager.m */; };
		5CD383DE1F60239400BD4D1D /* User+CoreDataProperties.m in Sources */ = {isa = PBXBuildFile; fileRef = 5CD383D41F60230000BD4D1D /* User+CoreDataProperties.m */; };
		5CD383DF1F60239700BD4D1D /* User.m in Sources */ = {isa = PBXBuildFile; fileRef = 5CD383D61F60230000BD4D1D /* User.m */; };
		5CD383E01F6023A700BD4D1D /* Word+CoreDataClass.m in Sources */ = {isa = PBXBuildFile; fileRef = 5CD383D91F60230000BD4D1D /* Word+CoreDataClass.m */; };
		5CD383E11F6023A900BD4D1D /* Word+CoreDataProperties.m in Sources */ = {isa = PBXBuildFile; fileRef = 5CD383DB1F60230000BD4D1D /* Word+CoreDataProperties.m */; };
/* End PBXBuildFile section */

/* Begin PBXContainerItemProxy section */
		5CAF68FE1C00ACB000795AD0 /* PBXContainerItemProxy */ = {
			isa = PBXContainerItemProxy;
			containerPortal = 5CAF68D91C00ACAF00795AD0 /* Project object */;
			proxyType = 1;
			remoteGlobalIDString = 5CAF68E01C00ACAF00795AD0;
			remoteInfo = EnglishLearning;
		};
		5CAF69091C00ACB000795AD0 /* PBXContainerItemProxy */ = {
			isa = PBXContainerItemProxy;
			containerPortal = 5CAF68D91C00ACAF00795AD0 /* Project object */;
			proxyType = 1;
			remoteGlobalIDString = 5CAF68E01C00ACAF00795AD0;
			remoteInfo = EnglishLearning;
		};
/* End PBXContainerItemProxy section */

/* Begin PBXFileReference section */
		5C417ECB1F6D9A9E00A24C8A /* 3000_Words.csv */ = {isa = PBXFileReference; lastKnownFileType = text; path = 3000_Words.csv; sourceTree = "<group>"; };
		5C64C9781F6D9DC600F7E716 /* WordsFileParser.swift */ = {isa = PBXFileReference; lastKnownFileType = sourcecode.swift; path = WordsFileParser.swift; sourceTree = "<group>"; };
		5C64C97B1F6DA2A700F7E716 /* main.m */ = {isa = PBXFileReference; lastKnownFileType = sourcecode.c.objc; path = main.m; sourceTree = "<group>"; };
		5C64C97C1F6DA2A700F7E716 /* PrefixHeader.pch */ = {isa = PBXFileReference; lastKnownFileType = sourcecode.c.h; path = PrefixHeader.pch; sourceTree = "<group>"; };
		5C64C97D1F6DA2A700F7E716 /* Words-Bridging-Header.h */ = {isa = PBXFileReference; lastKnownFileType = sourcecode.c.h; path = "Words-Bridging-Header.h"; sourceTree = "<group>"; };
		5C8BB1F11F60274C00BDFAD1 /* ANEditWordViewController.h */ = {isa = PBXFileReference; lastKnownFileType = sourcecode.c.h; path = ANEditWordViewController.h; sourceTree = "<group>"; };
		5C8BB1F21F60274C00BDFAD1 /* ANEditWordViewController.m */ = {isa = PBXFileReference; lastKnownFileType = sourcecode.c.objc; path = ANEditWordViewController.m; sourceTree = "<group>"; };
		5C8BB1F31F60274C00BDFAD1 /* HomeViewController.h */ = {isa = PBXFileReference; lastKnownFileType = sourcecode.c.h; path = HomeViewController.h; sourceTree = "<group>"; };
		5C8BB1F41F60274C00BDFAD1 /* HomeViewController.m */ = {isa = PBXFileReference; lastKnownFileType = sourcecode.c.objc; path = HomeViewController.m; sourceTree = "<group>"; };
		5C8BB1F51F60274C00BDFAD1 /* QuizViewController.h */ = {isa = PBXFileReference; lastKnownFileType = sourcecode.c.h; path = QuizViewController.h; sourceTree = "<group>"; };
		5C8BB1F61F60274C00BDFAD1 /* QuizViewController.m */ = {isa = PBXFileReference; lastKnownFileType = sourcecode.c.objc; path = QuizViewController.m; sourceTree = "<group>"; };
		5C8BB1F71F60274C00BDFAD1 /* WordsListViewController.h */ = {isa = PBXFileReference; lastKnownFileType = sourcecode.c.h; path = WordsListViewController.h; sourceTree = "<group>"; };
		5C8BB1F81F60274C00BDFAD1 /* WordsListViewController.m */ = {isa = PBXFileReference; lastKnownFileType = sourcecode.c.objc; path = WordsListViewController.m; sourceTree = "<group>"; };
		5C8BB2061F60275B00BDFAD1 /* LaunchScreen.storyboard */ = {isa = PBXFileReference; lastKnownFileType = file.storyboard; path = LaunchScreen.storyboard; sourceTree = "<group>"; };
		5C8BB2071F60275B00BDFAD1 /* Main.storyboard */ = {isa = PBXFileReference; lastKnownFileType = file.storyboard; path = Main.storyboard; sourceTree = "<group>"; };
		5C8BB2091F60276600BDFAD1 /* EnglishWords.csv */ = {isa = PBXFileReference; lastKnownFileType = text; path = EnglishWords.csv; sourceTree = "<group>"; };
		5C8BB20B1F60278800BDFAD1 /* AnswerButtonCell.h */ = {isa = PBXFileReference; lastKnownFileType = sourcecode.c.h; path = AnswerButtonCell.h; sourceTree = "<group>"; };
		5C8BB20C1F60278800BDFAD1 /* AnswerButtonCell.m */ = {isa = PBXFileReference; lastKnownFileType = sourcecode.c.objc; path = AnswerButtonCell.m; sourceTree = "<group>"; };
		5C8BB20D1F60278800BDFAD1 /* AnswerButtonCell.xib */ = {isa = PBXFileReference; lastKnownFileType = file.xib; path = AnswerButtonCell.xib; sourceTree = "<group>"; };
		5C8BB20E1F60278800BDFAD1 /* AnswersTableViewCell.h */ = {isa = PBXFileReference; lastKnownFileType = sourcecode.c.h; path = AnswersTableViewCell.h; sourceTree = "<group>"; };
		5C8BB20F1F60278800BDFAD1 /* AnswersTableViewCell.m */ = {isa = PBXFileReference; lastKnownFileType = sourcecode.c.objc; path = AnswersTableViewCell.m; sourceTree = "<group>"; };
		5C8BB2101F60278800BDFAD1 /* AnswersTableViewCell.xib */ = {isa = PBXFileReference; lastKnownFileType = file.xib; path = AnswersTableViewCell.xib; sourceTree = "<group>"; };
		5C8BB2111F60278800BDFAD1 /* WordsListTableViewCell.h */ = {isa = PBXFileReference; lastKnownFileType = sourcecode.c.h; path = WordsListTableViewCell.h; sourceTree = "<group>"; };
		5C8BB2121F60278800BDFAD1 /* WordsListTableViewCell.m */ = {isa = PBXFileReference; lastKnownFileType = sourcecode.c.objc; path = WordsListTableViewCell.m; sourceTree = "<group>"; };
		5C8BB2131F60278800BDFAD1 /* WordsQuizTopTableViewCell.h */ = {isa = PBXFileReference; lastKnownFileType = sourcecode.c.h; path = WordsQuizTopTableViewCell.h; sourceTree = "<group>"; };
		5C8BB2141F60278800BDFAD1 /* WordsQuizTopTableViewCell.m */ = {isa = PBXFileReference; lastKnownFileType = sourcecode.c.objc; path = WordsQuizTopTableViewCell.m; sourceTree = "<group>"; };
		5C8BB2151F60278800BDFAD1 /* WordsQuizTopTableViewCell.xib */ = {isa = PBXFileReference; lastKnownFileType = file.xib; path = WordsQuizTopTableViewCell.xib; sourceTree = "<group>"; };
		5C8BB2231F6027ED00BDFAD1 /* EnglishLearning.xcdatamodel */ = {isa = PBXFileReference; lastKnownFileType = wrapper.xcdatamodel; path = EnglishLearning.xcdatamodel; sourceTree = "<group>"; };
		5C8BB2241F6027ED00BDFAD1 /* EnglishLearning_2.xcdatamodel */ = {isa = PBXFileReference; lastKnownFileType = wrapper.xcdatamodel; path = EnglishLearning_2.xcdatamodel; sourceTree = "<group>"; };
		5CAF68E11C00ACAF00795AD0 /* Words.app */ = {isa = PBXFileReference; explicitFileType = wrapper.application; includeInIndex = 0; path = Words.app; sourceTree = BUILT_PRODUCTS_DIR; };
		5CAF68E71C00ACAF00795AD0 /* AppDelegate.h */ = {isa = PBXFileReference; lastKnownFileType = sourcecode.c.h; path = AppDelegate.h; sourceTree = "<group>"; };
		5CAF68E81C00ACAF00795AD0 /* AppDelegate.m */ = {isa = PBXFileReference; lastKnownFileType = sourcecode.c.objc; path = AppDelegate.m; sourceTree = "<group>"; };
		5CAF68F31C00ACAF00795AD0 /* Assets.xcassets */ = {isa = PBXFileReference; lastKnownFileType = folder.assetcatalog; path = Assets.xcassets; sourceTree = "<group>"; };
		5CAF68F81C00ACAF00795AD0 /* Info.plist */ = {isa = PBXFileReference; lastKnownFileType = text.plist.xml; path = Info.plist; sourceTree = "<group>"; };
		5CAF68FD1C00ACB000795AD0 /* EnglishLearningTests.xctest */ = {isa = PBXFileReference; explicitFileType = wrapper.cfbundle; includeInIndex = 0; path = EnglishLearningTests.xctest; sourceTree = BUILT_PRODUCTS_DIR; };
		5CAF69011C00ACB000795AD0 /* WordsTest.m */ = {isa = PBXFileReference; lastKnownFileType = sourcecode.c.objc; path = WordsTest.m; sourceTree = "<group>"; };
		5CAF69031C00ACB000795AD0 /* Info.plist */ = {isa = PBXFileReference; lastKnownFileType = text.plist.xml; path = Info.plist; sourceTree = "<group>"; };
		5CAF69081C00ACB000795AD0 /* EnglishLearningUITests.xctest */ = {isa = PBXFileReference; explicitFileType = wrapper.cfbundle; includeInIndex = 0; path = EnglishLearningUITests.xctest; sourceTree = BUILT_PRODUCTS_DIR; };
		5CAF690C1C00ACB000795AD0 /* EnglishLearningUITests.m */ = {isa = PBXFileReference; lastKnownFileType = sourcecode.c.objc; path = EnglishLearningUITests.m; sourceTree = "<group>"; };
		5CAF690E1C00ACB000795AD0 /* Info.plist */ = {isa = PBXFileReference; lastKnownFileType = text.plist.xml; path = Info.plist; sourceTree = "<group>"; };
		5CD383CE1F60230000BD4D1D /* ANCoreDataManager.h */ = {isa = PBXFileReference; lastKnownFileType = sourcecode.c.h; path = ANCoreDataManager.h; sourceTree = "<group>"; };
		5CD383CF1F60230000BD4D1D /* ANCoreDataManager.m */ = {isa = PBXFileReference; lastKnownFileType = sourcecode.c.objc; path = ANCoreDataManager.m; sourceTree = "<group>"; };
		5CD383D31F60230000BD4D1D /* User+CoreDataProperties.h */ = {isa = PBXFileReference; lastKnownFileType = sourcecode.c.h; path = "User+CoreDataProperties.h"; sourceTree = "<group>"; };
		5CD383D41F60230000BD4D1D /* User+CoreDataProperties.m */ = {isa = PBXFileReference; lastKnownFileType = sourcecode.c.objc; path = "User+CoreDataProperties.m"; sourceTree = "<group>"; };
		5CD383D51F60230000BD4D1D /* User.h */ = {isa = PBXFileReference; lastKnownFileType = sourcecode.c.h; path = User.h; sourceTree = "<group>"; };
		5CD383D61F60230000BD4D1D /* User.m */ = {isa = PBXFileReference; lastKnownFileType = sourcecode.c.objc; path = User.m; sourceTree = "<group>"; };
		5CD383D81F60230000BD4D1D /* Word+CoreDataClass.h */ = {isa = PBXFileReference; lastKnownFileType = sourcecode.c.h; path = "Word+CoreDataClass.h"; sourceTree = "<group>"; };
		5CD383D91F60230000BD4D1D /* Word+CoreDataClass.m */ = {isa = PBXFileReference; lastKnownFileType = sourcecode.c.objc; path = "Word+CoreDataClass.m"; sourceTree = "<group>"; };
		5CD383DA1F60230000BD4D1D /* Word+CoreDataProperties.h */ = {isa = PBXFileReference; lastKnownFileType = sourcecode.c.h; path = "Word+CoreDataProperties.h"; sourceTree = "<group>"; };
		5CD383DB1F60230000BD4D1D /* Word+CoreDataProperties.m */ = {isa = PBXFileReference; lastKnownFileType = sourcecode.c.objc; path = "Word+CoreDataProperties.m"; sourceTree = "<group>"; };
		5CDC36281C0A0DB600BD21EE /* QuartzCore.framework */ = {isa = PBXFileReference; lastKnownFileType = wrapper.framework; name = QuartzCore.framework; path = System/Library/Frameworks/QuartzCore.framework; sourceTree = SDKROOT; };
		5CDC362A1C0A0DBD00BD21EE /* CoreGraphics.framework */ = {isa = PBXFileReference; lastKnownFileType = wrapper.framework; name = CoreGraphics.framework; path = System/Library/Frameworks/CoreGraphics.framework; sourceTree = SDKROOT; };
/* End PBXFileReference section */

/* Begin PBXFrameworksBuildPhase section */
		5CAF68DE1C00ACAF00795AD0 /* Frameworks */ = {
			isa = PBXFrameworksBuildPhase;
			buildActionMask = 2147483647;
			files = (
				5C1881B21F6DB42E000FFA42 /* QuartzCore.framework in Frameworks */,
				5C1881B11F6DB426000FFA42 /* CoreGraphics.framework in Frameworks */,
			);
			runOnlyForDeploymentPostprocessing = 0;
		};
/* End PBXFrameworksBuildPhase section */

/* Begin PBXGroup section */
		5C64C97A1F6DA2A700F7E716 /* Supporting Files */ = {
			isa = PBXGroup;
			children = (
				5C64C97B1F6DA2A700F7E716 /* main.m */,
				5C64C97C1F6DA2A700F7E716 /* PrefixHeader.pch */,
				5C64C97D1F6DA2A700F7E716 /* Words-Bridging-Header.h */,
			);
			path = "Supporting Files";
			sourceTree = "<group>";
		};
		5C8BB1F01F60274C00BDFAD1 /* ViewControllers */ = {
			isa = PBXGroup;
			children = (
				5C8BB1F11F60274C00BDFAD1 /* ANEditWordViewController.h */,
				5C8BB1F21F60274C00BDFAD1 /* ANEditWordViewController.m */,
				5C8BB1F31F60274C00BDFAD1 /* HomeViewController.h */,
				5C8BB1F41F60274C00BDFAD1 /* HomeViewController.m */,
				5C8BB1F51F60274C00BDFAD1 /* QuizViewController.h */,
				5C8BB1F61F60274C00BDFAD1 /* QuizViewController.m */,
				5C8BB1F71F60274C00BDFAD1 /* WordsListViewController.h */,
				5C8BB1F81F60274C00BDFAD1 /* WordsListViewController.m */,
			);
			path = ViewControllers;
			sourceTree = "<group>";
		};
		5C8BB2051F60275B00BDFAD1 /* Storyboards */ = {
			isa = PBXGroup;
			children = (
				5C8BB2061F60275B00BDFAD1 /* LaunchScreen.storyboard */,
				5C8BB2071F60275B00BDFAD1 /* Main.storyboard */,
			);
			path = Storyboards;
			sourceTree = "<group>";
		};
		5C8BB2081F60276600BDFAD1 /* Resources */ = {
			isa = PBXGroup;
			children = (
				5C8BB2091F60276600BDFAD1 /* EnglishWords.csv */,
				5C417ECB1F6D9A9E00A24C8A /* 3000_Words.csv */,
			);
			path = Resources;
			sourceTree = "<group>";
		};
		5C8BB20A1F60278800BDFAD1 /* Cells */ = {
			isa = PBXGroup;
			children = (
				5C8BB20B1F60278800BDFAD1 /* AnswerButtonCell.h */,
				5C8BB20C1F60278800BDFAD1 /* AnswerButtonCell.m */,
				5C8BB20D1F60278800BDFAD1 /* AnswerButtonCell.xib */,
				5C8BB20E1F60278800BDFAD1 /* AnswersTableViewCell.h */,
				5C8BB20F1F60278800BDFAD1 /* AnswersTableViewCell.m */,
				5C8BB2101F60278800BDFAD1 /* AnswersTableViewCell.xib */,
				5C8BB2111F60278800BDFAD1 /* WordsListTableViewCell.h */,
				5C8BB2121F60278800BDFAD1 /* WordsListTableViewCell.m */,
				5C8BB2131F60278800BDFAD1 /* WordsQuizTopTableViewCell.h */,
				5C8BB2141F60278800BDFAD1 /* WordsQuizTopTableViewCell.m */,
				5C8BB2151F60278800BDFAD1 /* WordsQuizTopTableViewCell.xib */,
			);
			path = Cells;
			sourceTree = "<group>";
		};
		5CAF68D81C00ACAF00795AD0 = {
			isa = PBXGroup;
			children = (
				5CAF68E31C00ACAF00795AD0 /* EnglishLearning */,
				5CDC362C1C0A0DC300BD21EE /* Frameworks */,
				5CAF69001C00ACB000795AD0 /* EnglishLearningTests */,
				5CAF690B1C00ACB000795AD0 /* EnglishLearningUITests */,
				5CAF68E21C00ACAF00795AD0 /* Products */,
			);
			sourceTree = "<group>";
		};
		5CAF68E21C00ACAF00795AD0 /* Products */ = {
			isa = PBXGroup;
			children = (
				5CAF68E11C00ACAF00795AD0 /* Words.app */,
				5CAF68FD1C00ACB000795AD0 /* EnglishLearningTests.xctest */,
				5CAF69081C00ACB000795AD0 /* EnglishLearningUITests.xctest */,
			);
			name = Products;
			sourceTree = "<group>";
		};
		5CAF68E31C00ACAF00795AD0 /* EnglishLearning */ = {
			isa = PBXGroup;
			children = (
				5CAF68E71C00ACAF00795AD0 /* AppDelegate.h */,
				5CAF68E81C00ACAF00795AD0 /* AppDelegate.m */,
				5C8BB20A1F60278800BDFAD1 /* Cells */,
				5C8BB2081F60276600BDFAD1 /* Resources */,
				5C8BB2051F60275B00BDFAD1 /* Storyboards */,
				5C8BB1F01F60274C00BDFAD1 /* ViewControllers */,
				5CD383CD1F60230000BD4D1D /* Models */,
				5CAF68F31C00ACAF00795AD0 /* Assets.xcassets */,
				5CAF68F81C00ACAF00795AD0 /* Info.plist */,
				5C64C97A1F6DA2A700F7E716 /* Supporting Files */,
			);
			path = EnglishLearning;
			sourceTree = "<group>";
		};
		5CAF69001C00ACB000795AD0 /* EnglishLearningTests */ = {
			isa = PBXGroup;
			children = (
				5CAF69011C00ACB000795AD0 /* WordsTest.m */,
				5CAF69031C00ACB000795AD0 /* Info.plist */,
			);
			path = EnglishLearningTests;
			sourceTree = "<group>";
		};
		5CAF690B1C00ACB000795AD0 /* EnglishLearningUITests */ = {
			isa = PBXGroup;
			children = (
				5CAF690C1C00ACB000795AD0 /* EnglishLearningUITests.m */,
				5CAF690E1C00ACB000795AD0 /* Info.plist */,
			);
			path = EnglishLearningUITests;
			sourceTree = "<group>";
		};
		5CD383CD1F60230000BD4D1D /* Models */ = {
			isa = PBXGroup;
			children = (
				5C8BB2221F6027ED00BDFAD1 /* EnglishLearning.xcdatamodeld */,
				5CD383D21F60230000BD4D1D /* User */,
				5CD383D71F60230000BD4D1D /* Word */,
				5CD383CE1F60230000BD4D1D /* ANCoreDataManager.h */,
				5CD383CF1F60230000BD4D1D /* ANCoreDataManager.m */,
				5C64C9781F6D9DC600F7E716 /* WordsFileParser.swift */,
			);
			path = Models;
			sourceTree = "<group>";
		};
		5CD383D21F60230000BD4D1D /* User */ = {
			isa = PBXGroup;
			children = (
				5CD383D31F60230000BD4D1D /* User+CoreDataProperties.h */,
				5CD383D41F60230000BD4D1D /* User+CoreDataProperties.m */,
				5CD383D51F60230000BD4D1D /* User.h */,
				5CD383D61F60230000BD4D1D /* User.m */,
			);
			path = User;
			sourceTree = "<group>";
		};
		5CD383D71F60230000BD4D1D /* Word */ = {
			isa = PBXGroup;
			children = (
				5CD383D81F60230000BD4D1D /* Word+CoreDataClass.h */,
				5CD383D91F60230000BD4D1D /* Word+CoreDataClass.m */,
				5CD383DA1F60230000BD4D1D /* Word+CoreDataProperties.h */,
				5CD383DB1F60230000BD4D1D /* Word+CoreDataProperties.m */,
			);
			path = Word;
			sourceTree = "<group>";
		};
		5CDC362C1C0A0DC300BD21EE /* Frameworks */ = {
			isa = PBXGroup;
			children = (
				5CDC362A1C0A0DBD00BD21EE /* CoreGraphics.framework */,
				5CDC36281C0A0DB600BD21EE /* QuartzCore.framework */,
			);
			name = Frameworks;
			sourceTree = "<group>";
		};
/* End PBXGroup section */

/* Begin PBXNativeTarget section */
		5CAF68E01C00ACAF00795AD0 /* Words */ = {
			isa = PBXNativeTarget;
			buildConfigurationList = 5CAF69111C00ACB000795AD0 /* Build configuration list for PBXNativeTarget "Words" */;
			buildPhases = (
				5CAF68DD1C00ACAF00795AD0 /* Sources */,
				5CAF68DE1C00ACAF00795AD0 /* Frameworks */,
				5CAF68DF1C00ACAF00795AD0 /* Resources */,
			);
			buildRules = (
			);
			dependencies = (
			);
			name = Words;
			productName = EnglishLearning;
			productReference = 5CAF68E11C00ACAF00795AD0 /* Words.app */;
			productType = "com.apple.product-type.application";
		};
		5CAF68FC1C00ACB000795AD0 /* EnglishLearningTests */ = {
			isa = PBXNativeTarget;
			buildConfigurationList = 5CAF69141C00ACB000795AD0 /* Build configuration list for PBXNativeTarget "EnglishLearningTests" */;
			buildPhases = (
				5CAF68F91C00ACB000795AD0 /* Sources */,
				5CAF68FB1C00ACB000795AD0 /* Resources */,
			);
			buildRules = (
			);
			dependencies = (
				5CAF68FF1C00ACB000795AD0 /* PBXTargetDependency */,
			);
			name = EnglishLearningTests;
			productName = EnglishLearningTests;
			productReference = 5CAF68FD1C00ACB000795AD0 /* EnglishLearningTests.xctest */;
			productType = "com.apple.product-type.bundle.unit-test";
		};
		5CAF69071C00ACB000795AD0 /* EnglishLearningUITests */ = {
			isa = PBXNativeTarget;
			buildConfigurationList = 5CAF69171C00ACB000795AD0 /* Build configuration list for PBXNativeTarget "EnglishLearningUITests" */;
			buildPhases = (
				5CAF69041C00ACB000795AD0 /* Sources */,
				5CAF69061C00ACB000795AD0 /* Resources */,
			);
			buildRules = (
			);
			dependencies = (
				5CAF690A1C00ACB000795AD0 /* PBXTargetDependency */,
			);
			name = EnglishLearningUITests;
			productName = EnglishLearningUITests;
			productReference = 5CAF69081C00ACB000795AD0 /* EnglishLearningUITests.xctest */;
			productType = "com.apple.product-type.bundle.ui-testing";
		};
/* End PBXNativeTarget section */

/* Begin PBXProject section */
		5CAF68D91C00ACAF00795AD0 /* Project object */ = {
			isa = PBXProject;
			attributes = {
				CLASSPREFIX = AN;
				LastUpgradeCheck = 0900;
				ORGANIZATIONNAME = azhuk;
				TargetAttributes = {
					5CAF68E01C00ACAF00795AD0 = {
						CreatedOnToolsVersion = 7.1.1;
						DevelopmentTeam = X2AQQ3DS83;
						LastSwiftMigration = 0900;
					};
					5CAF68FC1C00ACB000795AD0 = {
						CreatedOnToolsVersion = 7.1.1;
						TestTargetID = 5CAF68E01C00ACAF00795AD0;
					};
					5CAF69071C00ACB000795AD0 = {
						CreatedOnToolsVersion = 7.1.1;
						TestTargetID = 5CAF68E01C00ACAF00795AD0;
					};
				};
			};
			buildConfigurationList = 5CAF68DC1C00ACAF00795AD0 /* Build configuration list for PBXProject "Words Learning" */;
			compatibilityVersion = "Xcode 6.3";
			developmentRegion = English;
			hasScannedForEncodings = 0;
			knownRegions = (
				en,
				Base,
			);
			mainGroup = 5CAF68D81C00ACAF00795AD0;
			productRefGroup = 5CAF68E21C00ACAF00795AD0 /* Products */;
			projectDirPath = "";
			projectRoot = "";
			targets = (
				5CAF68E01C00ACAF00795AD0 /* Words */,
				5CAF68FC1C00ACB000795AD0 /* EnglishLearningTests */,
				5CAF69071C00ACB000795AD0 /* EnglishLearningUITests */,
			);
		};
/* End PBXProject section */

/* Begin PBXResourcesBuildPhase section */
		5CAF68DF1C00ACAF00795AD0 /* Resources */ = {
			isa = PBXResourcesBuildPhase;
			buildActionMask = 2147483647;
			files = (
				5C8BB2291F6027FE00BDFAD1 /* Main.storyboard in Resources */,
				5C1881B31F6DB4D7000FFA42 /* 3000_Words.csv in Resources */,
				5C8BB21D1F6027D500BDFAD1 /* EnglishWords.csv in Resources */,
				5C8BB21C1F6027AD00BDFAD1 /* WordsQuizTopTableViewCell.xib in Resources */,
				5C8BB2191F6027AD00BDFAD1 /* AnswersTableViewCell.xib in Resources */,
				5C8BB2281F6027FE00BDFAD1 /* LaunchScreen.storyboard in Resources */,
				5CAF68F41C00ACAF00795AD0 /* Assets.xcassets in Resources */,
				5C8BB2181F6027AD00BDFAD1 /* AnswerButtonCell.xib in Resources */,
			);
			runOnlyForDeploymentPostprocessing = 0;
		};
		5CAF68FB1C00ACB000795AD0 /* Resources */ = {
			isa = PBXResourcesBuildPhase;
			buildActionMask = 2147483647;
			files = (
			);
			runOnlyForDeploymentPostprocessing = 0;
		};
		5CAF69061C00ACB000795AD0 /* Resources */ = {
			isa = PBXResourcesBuildPhase;
			buildActionMask = 2147483647;
			files = (
			);
			runOnlyForDeploymentPostprocessing = 0;
		};
/* End PBXResourcesBuildPhase section */

/* Begin PBXSourcesBuildPhase section */
		5CAF68DD1C00ACAF00795AD0 /* Sources */ = {
			isa = PBXSourcesBuildPhase;
			buildActionMask = 2147483647;
			files = (
				5CD383E01F6023A700BD4D1D /* Word+CoreDataClass.m in Sources */,
				5C8BB21A1F6027AD00BDFAD1 /* WordsListTableViewCell.m in Sources */,
				5CD383DC1F60238700BD4D1D /* ANCoreDataManager.m in Sources */,
				5CAF68E91C00ACAF00795AD0 /* AppDelegate.m in Sources */,
				5C8BB21F1F6027E000BDFAD1 /* HomeViewController.m in Sources */,
				5CD383E11F6023A900BD4D1D /* Word+CoreDataProperties.m in Sources */,
				5C64C9791F6D9DC600F7E716 /* WordsFileParser.swift in Sources */,
				5C8BB21B1F6027AD00BDFAD1 /* WordsQuizTopTableViewCell.m in Sources */,
				5C8BB2211F6027E000BDFAD1 /* WordsListViewController.m in Sources */,
				5C8BB2201F6027E000BDFAD1 /* QuizViewController.m in Sources */,
				5C8BB2171F60279400BDFAD1 /* AnswersTableViewCell.m in Sources */,
				5C8BB2251F6027F000BDFAD1 /* EnglishLearning.xcdatamodeld in Sources */,
				5C64C97E1F6DA34E00F7E716 /* main.m in Sources */,
				5C8BB2161F60279200BDFAD1 /* AnswerButtonCell.m in Sources */,
				5CD383DE1F60239400BD4D1D /* User+CoreDataProperties.m in Sources */,
				5CD383DF1F60239700BD4D1D /* User.m in Sources */,
				5C8BB21E1F6027E000BDFAD1 /* ANEditWordViewController.m in Sources */,
			);
			runOnlyForDeploymentPostprocessing = 0;
		};
		5CAF68F91C00ACB000795AD0 /* Sources */ = {
			isa = PBXSourcesBuildPhase;
			buildActionMask = 2147483647;
			files = (
				5CAF69021C00ACB000795AD0 /* WordsTest.m in Sources */,
			);
			runOnlyForDeploymentPostprocessing = 0;
		};
		5CAF69041C00ACB000795AD0 /* Sources */ = {
			isa = PBXSourcesBuildPhase;
			buildActionMask = 2147483647;
			files = (
				5CAF690D1C00ACB000795AD0 /* EnglishLearningUITests.m in Sources */,
			);
			runOnlyForDeploymentPostprocessing = 0;
		};
/* End PBXSourcesBuildPhase section */

/* Begin PBXTargetDependency section */
		5CAF68FF1C00ACB000795AD0 /* PBXTargetDependency */ = {
			isa = PBXTargetDependency;
			target = 5CAF68E01C00ACAF00795AD0 /* Words */;
			targetProxy = 5CAF68FE1C00ACB000795AD0 /* PBXContainerItemProxy */;
		};
		5CAF690A1C00ACB000795AD0 /* PBXTargetDependency */ = {
			isa = PBXTargetDependency;
			target = 5CAF68E01C00ACAF00795AD0 /* Words */;
			targetProxy = 5CAF69091C00ACB000795AD0 /* PBXContainerItemProxy */;
		};
/* End PBXTargetDependency section */

/* Begin XCBuildConfiguration section */
		5C18D98F1C9AC0F300389F3C /* UITests */ = {
			isa = XCBuildConfiguration;
			buildSettings = {
				ALWAYS_SEARCH_USER_PATHS = NO;
				CLANG_CXX_LANGUAGE_STANDARD = "gnu++0x";
				CLANG_CXX_LIBRARY = "libc++";
				CLANG_ENABLE_MODULES = YES;
				CLANG_ENABLE_OBJC_ARC = YES;
				CLANG_WARN_BLOCK_CAPTURE_AUTORELEASING = YES;
				CLANG_WARN_BOOL_CONVERSION = YES;
				CLANG_WARN_COMMA = YES;
				CLANG_WARN_CONSTANT_CONVERSION = YES;
				CLANG_WARN_DIRECT_OBJC_ISA_USAGE = YES_ERROR;
				CLANG_WARN_EMPTY_BODY = YES;
				CLANG_WARN_ENUM_CONVERSION = YES;
				CLANG_WARN_INFINITE_RECURSION = YES;
				CLANG_WARN_INT_CONVERSION = YES;
				CLANG_WARN_NON_LITERAL_NULL_CONVERSION = YES;
				CLANG_WARN_OBJC_LITERAL_CONVERSION = YES;
				CLANG_WARN_OBJC_ROOT_CLASS = YES_ERROR;
				CLANG_WARN_RANGE_LOOP_ANALYSIS = YES;
				CLANG_WARN_STRICT_PROTOTYPES = YES;
				CLANG_WARN_SUSPICIOUS_MOVE = YES;
				CLANG_WARN_UNREACHABLE_CODE = YES;
				CLANG_WARN__DUPLICATE_METHOD_MATCH = YES;
				"CODE_SIGN_IDENTITY[sdk=iphoneos*]" = "iPhone Developer";
				COPY_PHASE_STRIP = NO;
				DEAD_CODE_STRIPPING = NO;
				DEBUG_INFORMATION_FORMAT = "dwarf-with-dsym";
				ENABLE_BITCODE = YES;
				ENABLE_STRICT_OBJC_MSGSEND = YES;
				ENABLE_TESTABILITY = NO;
				GCC_C_LANGUAGE_STANDARD = gnu99;
				GCC_DYNAMIC_NO_PIC = NO;
				GCC_NO_COMMON_BLOCKS = NO;
				GCC_OPTIMIZATION_LEVEL = 0;
				GCC_PREPROCESSOR_DEFINITIONS = (
					"DEBUG=1",
					"$(inherited)",
				);
				GCC_WARN_64_TO_32_BIT_CONVERSION = YES;
				GCC_WARN_ABOUT_RETURN_TYPE = YES_ERROR;
				GCC_WARN_UNDECLARED_SELECTOR = YES;
				GCC_WARN_UNINITIALIZED_AUTOS = YES_AGGRESSIVE;
				GCC_WARN_UNUSED_FUNCTION = YES;
				GCC_WARN_UNUSED_VARIABLE = YES;
				IPHONEOS_DEPLOYMENT_TARGET = 8.0;
				MTL_ENABLE_DEBUG_INFO = YES;
				ONLY_ACTIVE_ARCH = YES;
				SDKROOT = iphoneos;
			};
			name = UITests;
		};
		5C18D9901C9AC0F300389F3C /* UITests */ = {
			isa = XCBuildConfiguration;
			buildSettings = {
				ALWAYS_EMBED_SWIFT_STANDARD_LIBRARIES = YES;
				ASSETCATALOG_COMPILER_APPICON_NAME = AppIcon;
				CLANG_ENABLE_MODULES = YES;
				CLANG_STATIC_ANALYZER_MODE = shallow;
				CLANG_WARN_BOOL_CONVERSION = "$(CLANG_WARN_SUSPICIOUS_IMPLICIT_CONVERSION)";
				CODE_SIGN_IDENTITY = "iPhone Developer";
				"CODE_SIGN_IDENTITY[sdk=iphoneos*]" = "iPhone Developer";
				DEAD_CODE_STRIPPING = NO;
				DEVELOPMENT_TEAM = X2AQQ3DS83;
				ENABLE_BITCODE = NO;
				GCC_PREFIX_HEADER = "EnglishLearning/Supporting Files/PrefixHeader.pch";
				GCC_WARN_64_TO_32_BIT_CONVERSION = NO;
				"GCC_WARN_64_TO_32_BIT_CONVERSION[arch=*64]" = YES;
				GCC_WARN_ABOUT_RETURN_TYPE = YES;
				INFOPLIST_FILE = EnglishLearning/Info.plist;
				IPHONEOS_DEPLOYMENT_TARGET = 9.3;
				LD_RUNPATH_SEARCH_PATHS = "$(inherited) @executable_path/Frameworks";
				PRODUCT_BUNDLE_IDENTIFIER = com.azhuk.EnglishLearning;
				PRODUCT_NAME = "$(TARGET_NAME)";
				PROVISIONING_PROFILE = "";
				SWIFT_OBJC_BRIDGING_HEADER = "EnglishLearning/Supporting Files/Words-Bridging-Header.h";
				SWIFT_OPTIMIZATION_LEVEL = "-Onone";
				SWIFT_VERSION = 4.0;
			};
			name = UITests;
		};
		5C18D9911C9AC0F300389F3C /* UITests */ = {
			isa = XCBuildConfiguration;
			buildSettings = {
				ALWAYS_EMBED_SWIFT_STANDARD_LIBRARIES = YES;
				BUNDLE_LOADER = "$(TEST_HOST)";
				INFOPLIST_FILE = EnglishLearningTests/Info.plist;
				LD_RUNPATH_SEARCH_PATHS = "$(inherited) @executable_path/Frameworks @loader_path/Frameworks";
				PRODUCT_BUNDLE_IDENTIFIER = com.azhuk.EnglishLearningTests;
				PRODUCT_NAME = "$(TARGET_NAME)";
				TEST_HOST = "$(BUILT_PRODUCTS_DIR)/Words.app/Words";
			};
			name = UITests;
		};
		5C18D9921C9AC0F300389F3C /* UITests */ = {
			isa = XCBuildConfiguration;
			buildSettings = {
				ALWAYS_EMBED_SWIFT_STANDARD_LIBRARIES = YES;
				CODE_SIGN_IDENTITY = "iPhone Developer";
				INFOPLIST_FILE = EnglishLearningUITests/Info.plist;
				LD_RUNPATH_SEARCH_PATHS = "$(inherited) @executable_path/Frameworks @loader_path/Frameworks";
				PRODUCT_BUNDLE_IDENTIFIER = com.azhuk.EnglishLearningUITests;
				PRODUCT_NAME = "$(TARGET_NAME)";
				PROVISIONING_PROFILE = "";
				TEST_TARGET_NAME = Words;
				USES_XCTRUNNER = YES;
			};
			name = UITests;
		};
		5CAF690F1C00ACB000795AD0 /* Debug */ = {
			isa = XCBuildConfiguration;
			buildSettings = {
				ALWAYS_SEARCH_USER_PATHS = NO;
				CLANG_CXX_LANGUAGE_STANDARD = "gnu++0x";
				CLANG_CXX_LIBRARY = "libc++";
				CLANG_ENABLE_MODULES = YES;
				CLANG_ENABLE_OBJC_ARC = YES;
				CLANG_WARN_BLOCK_CAPTURE_AUTORELEASING = YES;
				CLANG_WARN_BOOL_CONVERSION = YES;
				CLANG_WARN_COMMA = YES;
				CLANG_WARN_CONSTANT_CONVERSION = YES;
				CLANG_WARN_DIRECT_OBJC_ISA_USAGE = YES_ERROR;
				CLANG_WARN_EMPTY_BODY = YES;
				CLANG_WARN_ENUM_CONVERSION = YES;
				CLANG_WARN_INFINITE_RECURSION = YES;
				CLANG_WARN_INT_CONVERSION = YES;
				CLANG_WARN_NON_LITERAL_NULL_CONVERSION = YES;
				CLANG_WARN_OBJC_LITERAL_CONVERSION = YES;
				CLANG_WARN_OBJC_ROOT_CLASS = YES_ERROR;
				CLANG_WARN_RANGE_LOOP_ANALYSIS = YES;
				CLANG_WARN_STRICT_PROTOTYPES = YES;
				CLANG_WARN_SUSPICIOUS_MOVE = YES;
				CLANG_WARN_UNREACHABLE_CODE = YES;
				CLANG_WARN__DUPLICATE_METHOD_MATCH = YES;
				"CODE_SIGN_IDENTITY[sdk=iphoneos*]" = "iPhone Developer";
				COPY_PHASE_STRIP = NO;
				DEAD_CODE_STRIPPING = NO;
				DEBUG_INFORMATION_FORMAT = "dwarf-with-dsym";
				ENABLE_BITCODE = YES;
				ENABLE_STRICT_OBJC_MSGSEND = YES;
				ENABLE_TESTABILITY = YES;
				GCC_C_LANGUAGE_STANDARD = gnu99;
				GCC_DYNAMIC_NO_PIC = NO;
				GCC_NO_COMMON_BLOCKS = NO;
				GCC_OPTIMIZATION_LEVEL = 0;
				GCC_PREPROCESSOR_DEFINITIONS = (
					"DEBUG=1",
					"$(inherited)",
				);
				GCC_WARN_64_TO_32_BIT_CONVERSION = YES;
				GCC_WARN_ABOUT_RETURN_TYPE = YES_ERROR;
				GCC_WARN_UNDECLARED_SELECTOR = YES;
				GCC_WARN_UNINITIALIZED_AUTOS = YES_AGGRESSIVE;
				GCC_WARN_UNUSED_FUNCTION = YES;
				GCC_WARN_UNUSED_VARIABLE = YES;
				IPHONEOS_DEPLOYMENT_TARGET = 8.0;
				MTL_ENABLE_DEBUG_INFO = YES;
				ONLY_ACTIVE_ARCH = YES;
				SDKROOT = iphoneos;
			};
			name = Debug;
		};
		5CAF69101C00ACB000795AD0 /* Release */ = {
			isa = XCBuildConfiguration;
			buildSettings = {
				ALWAYS_SEARCH_USER_PATHS = NO;
				CLANG_CXX_LANGUAGE_STANDARD = "gnu++0x";
				CLANG_CXX_LIBRARY = "libc++";
				CLANG_ENABLE_MODULES = YES;
				CLANG_ENABLE_OBJC_ARC = YES;
				CLANG_WARN_BLOCK_CAPTURE_AUTORELEASING = YES;
				CLANG_WARN_BOOL_CONVERSION = YES;
				CLANG_WARN_COMMA = YES;
				CLANG_WARN_CONSTANT_CONVERSION = YES;
				CLANG_WARN_DIRECT_OBJC_ISA_USAGE = YES_ERROR;
				CLANG_WARN_EMPTY_BODY = YES;
				CLANG_WARN_ENUM_CONVERSION = YES;
				CLANG_WARN_INFINITE_RECURSION = YES;
				CLANG_WARN_INT_CONVERSION = YES;
				CLANG_WARN_NON_LITERAL_NULL_CONVERSION = YES;
				CLANG_WARN_OBJC_LITERAL_CONVERSION = YES;
				CLANG_WARN_OBJC_ROOT_CLASS = YES_ERROR;
				CLANG_WARN_RANGE_LOOP_ANALYSIS = YES;
				CLANG_WARN_STRICT_PROTOTYPES = YES;
				CLANG_WARN_SUSPICIOUS_MOVE = YES;
				CLANG_WARN_UNREACHABLE_CODE = YES;
				CLANG_WARN__DUPLICATE_METHOD_MATCH = YES;
				"CODE_SIGN_IDENTITY[sdk=iphoneos*]" = "iPhone Developer";
				COPY_PHASE_STRIP = YES;
				DEAD_CODE_STRIPPING = NO;
				DEBUG_INFORMATION_FORMAT = "dwarf-with-dsym";
				ENABLE_BITCODE = YES;
				ENABLE_NS_ASSERTIONS = NO;
				ENABLE_STRICT_OBJC_MSGSEND = YES;
				GCC_C_LANGUAGE_STANDARD = gnu99;
				GCC_NO_COMMON_BLOCKS = NO;
				GCC_WARN_64_TO_32_BIT_CONVERSION = YES;
				GCC_WARN_ABOUT_RETURN_TYPE = YES_ERROR;
				GCC_WARN_UNDECLARED_SELECTOR = YES;
				GCC_WARN_UNINITIALIZED_AUTOS = YES_AGGRESSIVE;
				GCC_WARN_UNUSED_FUNCTION = YES;
				GCC_WARN_UNUSED_VARIABLE = YES;
				IPHONEOS_DEPLOYMENT_TARGET = 8.0;
				MTL_ENABLE_DEBUG_INFO = NO;
				SDKROOT = iphoneos;
				VALIDATE_PRODUCT = YES;
			};
			name = Release;
		};
		5CAF69121C00ACB000795AD0 /* Debug */ = {
			isa = XCBuildConfiguration;
			buildSettings = {
				ALWAYS_EMBED_SWIFT_STANDARD_LIBRARIES = YES;
				ASSETCATALOG_COMPILER_APPICON_NAME = AppIcon;
				CLANG_ENABLE_MODULES = YES;
				CLANG_STATIC_ANALYZER_MODE = shallow;
				CLANG_WARN_BOOL_CONVERSION = "$(CLANG_WARN_SUSPICIOUS_IMPLICIT_CONVERSION)";
				CODE_SIGN_IDENTITY = "iPhone Developer";
				"CODE_SIGN_IDENTITY[sdk=iphoneos*]" = "iPhone Developer";
				DEAD_CODE_STRIPPING = NO;
				DEVELOPMENT_TEAM = X2AQQ3DS83;
				ENABLE_BITCODE = NO;
				GCC_PREFIX_HEADER = "EnglishLearning/Supporting Files/PrefixHeader.pch";
				GCC_WARN_64_TO_32_BIT_CONVERSION = NO;
				"GCC_WARN_64_TO_32_BIT_CONVERSION[arch=*64]" = YES;
				GCC_WARN_ABOUT_RETURN_TYPE = YES;
				INFOPLIST_FILE = EnglishLearning/Info.plist;
				IPHONEOS_DEPLOYMENT_TARGET = 9.3;
				LD_RUNPATH_SEARCH_PATHS = "$(inherited) @executable_path/Frameworks";
				PRODUCT_BUNDLE_IDENTIFIER = com.azhuk.EnglishLearning;
				PRODUCT_NAME = "$(TARGET_NAME)";
				PROVISIONING_PROFILE = "";
				SWIFT_OBJC_BRIDGING_HEADER = "EnglishLearning/Supporting Files/Words-Bridging-Header.h";
				SWIFT_OPTIMIZATION_LEVEL = "-Onone";
				SWIFT_VERSION = 4.0;
			};
			name = Debug;
		};
		5CAF69131C00ACB000795AD0 /* Release */ = {
			isa = XCBuildConfiguration;
			buildSettings = {
				ALWAYS_EMBED_SWIFT_STANDARD_LIBRARIES = YES;
				ASSETCATALOG_COMPILER_APPICON_NAME = AppIcon;
				CLANG_ENABLE_MODULES = YES;
				CLANG_STATIC_ANALYZER_MODE = deep;
				CLANG_WARN_BOOL_CONVERSION = "$(CLANG_WARN_SUSPICIOUS_IMPLICIT_CONVERSION)";
				CODE_SIGN_IDENTITY = "iPhone Developer";
				"CODE_SIGN_IDENTITY[sdk=iphoneos*]" = "iPhone Developer";
				DEAD_CODE_STRIPPING = NO;
				DEVELOPMENT_TEAM = X2AQQ3DS83;
				ENABLE_BITCODE = NO;
				GCC_PREFIX_HEADER = "EnglishLearning/Supporting Files/PrefixHeader.pch";
				GCC_WARN_64_TO_32_BIT_CONVERSION = NO;
				GCC_WARN_ABOUT_RETURN_TYPE = YES;
				INFOPLIST_FILE = EnglishLearning/Info.plist;
				IPHONEOS_DEPLOYMENT_TARGET = 9.3;
				LD_RUNPATH_SEARCH_PATHS = "$(inherited) @executable_path/Frameworks";
				OTHER_CFLAGS = "-DNS_BLOCK_ASSERTIONS=1";
				PRODUCT_BUNDLE_IDENTIFIER = com.azhuk.EnglishLearning;
				PRODUCT_NAME = "$(TARGET_NAME)";
				PROVISIONING_PROFILE = "";
				SWIFT_OBJC_BRIDGING_HEADER = "EnglishLearning/Supporting Files/Words-Bridging-Header.h";
				SWIFT_OPTIMIZATION_LEVEL = "-Owholemodule";
				SWIFT_VERSION = 4.0;
			};
			name = Release;
		};
		5CAF69151C00ACB000795AD0 /* Debug */ = {
			isa = XCBuildConfiguration;
			buildSettings = {
				ALWAYS_EMBED_SWIFT_STANDARD_LIBRARIES = YES;
				BUNDLE_LOADER = "$(TEST_HOST)";
				INFOPLIST_FILE = EnglishLearningTests/Info.plist;
				LD_RUNPATH_SEARCH_PATHS = "$(inherited) @executable_path/Frameworks @loader_path/Frameworks";
				PRODUCT_BUNDLE_IDENTIFIER = com.azhuk.EnglishLearningTests;
				PRODUCT_NAME = "$(TARGET_NAME)";
				TEST_HOST = "$(BUILT_PRODUCTS_DIR)/Words.app/Words";
			};
			name = Debug;
		};
		5CAF69161C00ACB000795AD0 /* Release */ = {
			isa = XCBuildConfiguration;
			buildSettings = {
				ALWAYS_EMBED_SWIFT_STANDARD_LIBRARIES = YES;
				BUNDLE_LOADER = "$(TEST_HOST)";
				INFOPLIST_FILE = EnglishLearningTests/Info.plist;
				LD_RUNPATH_SEARCH_PATHS = "$(inherited) @executable_path/Frameworks @loader_path/Frameworks";
				PRODUCT_BUNDLE_IDENTIFIER = com.azhuk.EnglishLearningTests;
				PRODUCT_NAME = "$(TARGET_NAME)";
				TEST_HOST = "$(BUILT_PRODUCTS_DIR)/Words.app/Words";
			};
			name = Release;
		};
		5CAF69181C00ACB000795AD0 /* Debug */ = {
			isa = XCBuildConfiguration;
			buildSettings = {
				ALWAYS_EMBED_SWIFT_STANDARD_LIBRARIES = YES;
				CODE_SIGN_IDENTITY = "iPhone Developer";
				INFOPLIST_FILE = EnglishLearningUITests/Info.plist;
				LD_RUNPATH_SEARCH_PATHS = "$(inherited) @executable_path/Frameworks @loader_path/Frameworks";
				PRODUCT_BUNDLE_IDENTIFIER = com.azhuk.EnglishLearningUITests;
				PRODUCT_NAME = "$(TARGET_NAME)";
				PROVISIONING_PROFILE = "";
				TEST_TARGET_NAME = Words;
				USES_XCTRUNNER = YES;
			};
			name = Debug;
		};
		5CAF69191C00ACB000795AD0 /* Release */ = {
			isa = XCBuildConfiguration;
			buildSettings = {
				ALWAYS_EMBED_SWIFT_STANDARD_LIBRARIES = YES;
				CODE_SIGN_IDENTITY = "iPhone Developer";
				INFOPLIST_FILE = EnglishLearningUITests/Info.plist;
				LD_RUNPATH_SEARCH_PATHS = "$(inherited) @executable_path/Frameworks @loader_path/Frameworks";
				PRODUCT_BUNDLE_IDENTIFIER = com.azhuk.EnglishLearningUITests;
				PRODUCT_NAME = "$(TARGET_NAME)";
				PROVISIONING_PROFILE = "";
				TEST_TARGET_NAME = Words;
				USES_XCTRUNNER = YES;
			};
			name = Release;
		};
/* End XCBuildConfiguration section */

/* Begin XCConfigurationList section */
		5CAF68DC1C00ACAF00795AD0 /* Build configuration list for PBXProject "Words Learning" */ = {
			isa = XCConfigurationList;
			buildConfigurations = (
				5CAF690F1C00ACB000795AD0 /* Debug */,
				5C18D98F1C9AC0F300389F3C /* UITests */,
				5CAF69101C00ACB000795AD0 /* Release */,
			);
			defaultConfigurationIsVisible = 0;
			defaultConfigurationName = Release;
		};
		5CAF69111C00ACB000795AD0 /* Build configuration list for PBXNativeTarget "Words" */ = {
			isa = XCConfigurationList;
			buildConfigurations = (
				5CAF69121C00ACB000795AD0 /* Debug */,
				5C18D9901C9AC0F300389F3C /* UITests */,
				5CAF69131C00ACB000795AD0 /* Release */,
			);
			defaultConfigurationIsVisible = 0;
			defaultConfigurationName = Release;
		};
		5CAF69141C00ACB000795AD0 /* Build configuration list for PBXNativeTarget "EnglishLearningTests" */ = {
			isa = XCConfigurationList;
			buildConfigurations = (
				5CAF69151C00ACB000795AD0 /* Debug */,
				5C18D9911C9AC0F300389F3C /* UITests */,
				5CAF69161C00ACB000795AD0 /* Release */,
			);
			defaultConfigurationIsVisible = 0;
			defaultConfigurationName = Release;
		};
		5CAF69171C00ACB000795AD0 /* Build configuration list for PBXNativeTarget "EnglishLearningUITests" */ = {
			isa = XCConfigurationList;
			buildConfigurations = (
				5CAF69181C00ACB000795AD0 /* Debug */,
				5C18D9921C9AC0F300389F3C /* UITests */,
				5CAF69191C00ACB000795AD0 /* Release */,
			);
			defaultConfigurationIsVisible = 0;
			defaultConfigurationName = Release;
		};
/* End XCConfigurationList section */

/* Begin XCVersionGroup section */
		5C8BB2221F6027ED00BDFAD1 /* EnglishLearning.xcdatamodeld */ = {
			isa = XCVersionGroup;
			children = (
				5C8BB2231F6027ED00BDFAD1 /* EnglishLearning.xcdatamodel */,
				5C8BB2241F6027ED00BDFAD1 /* EnglishLearning_2.xcdatamodel */,
			);
			currentVersion = 5C8BB2241F6027ED00BDFAD1 /* EnglishLearning_2.xcdatamodel */;
			path = EnglishLearning.xcdatamodeld;
			sourceTree = "<group>";
			versionGroupType = wrapper.xcdatamodel;
		};
/* End XCVersionGroup section */
	};
	rootObject = 5CAF68D91C00ACAF00795AD0 /* Project object */;
}
